{
  "version": 4,
  "terraform_version": "1.8.4",
  "serial": 66,
  "lineage": "4bf59458-abe6-cfdf-9402-ae6590b3841c",
  "outputs": {
    "repositories": {
      "value": {
        "0001-storage-cft": {
          "category": "storage",
          "description": "S3 Security Best Practices",
          "gist-id": "3fb4e0a61137736343b3002809b1ad20",
          "html-url": "https://catalog.us-east-1.prod.workshops.aws/workshops/74237958-77c8-4e7f-a02f-ae201a04d759/en-US/s3-security-best-practices-lab",
          "iac": "CloudFormation",
          "priority": "1",
          "status": "not-started",
          "template": "cloudformation-template",
          "topics": [
            "auto-generated",
            "cloudformation",
            "aws-workshop",
            "storage"
          ],
          "visibility": "public",
          "workshop": "AWS Storage Immersion Day"
        },
        "0001-storage-tf": {
          "category": "storage",
          "description": "S3 Security Best Practices",
          "gist-id": "9daca5ee825116fb6f3a58fc00e8c7a7",
          "html-url": "https://catalog.us-east-1.prod.workshops.aws/workshops/74237958-77c8-4e7f-a02f-ae201a04d759/en-US/s3-security-best-practices-lab",
          "iac": "Terraform",
          "priority": "1",
          "status": "not-started",
          "template": "terraform-template",
          "topics": [
            "auto-generated",
            "terraform",
            "aws-workshop",
            "storage"
          ],
          "visibility": "public",
          "workshop": "AWS Storage Immersion Day"
        },
        "0002-storage-cft": {
          "category": "storage",
          "description": "S3 Storage Performance",
          "gist-id": "060b1904142f72680629869dec80242d",
          "html-url": "https://catalog.us-east-1.prod.workshops.aws/workshops/74237958-77c8-4e7f-a02f-ae201a04d759/en-US/storage-performance-best-practices-lab/02-s3performance",
          "iac": "CloudFormation",
          "priority": "1",
          "status": "not-started",
          "template": "cloudformation-template",
          "topics": [
            "auto-generated",
            "cloudformation",
            "aws-workshop",
            "storage"
          ],
          "visibility": "public",
          "workshop": "AWS Storage Immersion Day"
        },
        "0002-storage-tf": {
          "category": "storage",
          "description": "S3 Storage Performance",
          "gist-id": "c0c2c4f55f1eb6dd657eadbf4c814b51",
          "html-url": "https://catalog.us-east-1.prod.workshops.aws/workshops/74237958-77c8-4e7f-a02f-ae201a04d759/en-US/storage-performance-best-practices-lab/02-s3performance",
          "iac": "Terraform",
          "priority": "1",
          "status": "not-started",
          "template": "terraform-template",
          "topics": [
            "auto-generated",
            "terraform",
            "aws-workshop",
            "storage"
          ],
          "visibility": "public",
          "workshop": "AWS Storage Immersion Day"
        }
      },
      "type": [
        "object",
        {
          "0001-storage-cft": [
            "object",
            {
              "category": "string",
              "description": "string",
              "gist-id": "string",
              "html-url": "string",
              "iac": "string",
              "priority": "string",
              "status": "string",
              "template": "string",
              "topics": [
                "tuple",
                [
                  "string",
                  "string",
                  "string",
                  "string"
                ]
              ],
              "visibility": "string",
              "workshop": "string"
            }
          ],
          "0001-storage-tf": [
            "object",
            {
              "category": "string",
              "description": "string",
              "gist-id": "string",
              "html-url": "string",
              "iac": "string",
              "priority": "string",
              "status": "string",
              "template": "string",
              "topics": [
                "tuple",
                [
                  "string",
                  "string",
                  "string",
                  "string"
                ]
              ],
              "visibility": "string",
              "workshop": "string"
            }
          ],
          "0002-storage-cft": [
            "object",
            {
              "category": "string",
              "description": "string",
              "gist-id": "string",
              "html-url": "string",
              "iac": "string",
              "priority": "string",
              "status": "string",
              "template": "string",
              "topics": [
                "tuple",
                [
                  "string",
                  "string",
                  "string",
                  "string"
                ]
              ],
              "visibility": "string",
              "workshop": "string"
            }
          ],
          "0002-storage-tf": [
            "object",
            {
              "category": "string",
              "description": "string",
              "gist-id": "string",
              "html-url": "string",
              "iac": "string",
              "priority": "string",
              "status": "string",
              "template": "string",
              "topics": [
                "tuple",
                [
                  "string",
                  "string",
                  "string",
                  "string"
                ]
              ],
              "visibility": "string",
              "workshop": "string"
            }
          ]
        }
      ]
    },
    "repository-names": {
      "value": [
        "0001-storage-cft",
        "0001-storage-tf",
        "0002-storage-cft",
        "0002-storage-tf"
      ],
      "type": [
        "tuple",
        [
          "string",
          "string",
          "string",
          "string"
        ]
      ]
    }
  },
  "resources": [
    {
      "module": "module.repositories",
      "mode": "managed",
      "type": "github_repository",
      "name": "this",
      "provider": "module.repositories.provider[\"registry.terraform.io/integrations/github\"]",
      "instances": [
        {
          "index_key": "0001-storage-cft",
          "schema_version": 1,
          "attributes": {
            "allow_auto_merge": false,
            "allow_merge_commit": true,
            "allow_rebase_merge": true,
            "allow_squash_merge": true,
            "allow_update_branch": false,
            "archive_on_destroy": null,
            "archived": false,
            "auto_init": true,
            "default_branch": "main",
            "delete_branch_on_merge": true,
            "description": "S3 Security Best Practices using CloudFormation.",
            "etag": "W/\"2d7587024753c91fc4a6301340299682c61bbf446647f2d70fb6cf1c752d20d2\"",
            "full_name": "subhamay-bhattacharyya/0001-storage-cft",
            "git_clone_url": "git://github.com/subhamay-bhattacharyya/0001-storage-cft.git",
            "gitignore_template": null,
            "has_discussions": false,
            "has_downloads": false,
            "has_issues": true,
            "has_projects": true,
            "has_wiki": false,
            "homepage_url": "https://catalog.us-east-1.prod.workshops.aws/workshops/74237958-77c8-4e7f-a02f-ae201a04d759/en-US/s3-security-best-practices-lab",
            "html_url": "https://github.com/subhamay-bhattacharyya/0001-storage-cft",
            "http_clone_url": "https://github.com/subhamay-bhattacharyya/0001-storage-cft.git",
            "id": "0001-storage-cft",
            "ignore_vulnerability_alerts_during_read": null,
            "is_template": false,
            "license_template": null,
            "merge_commit_message": "PR_TITLE",
            "merge_commit_title": "MERGE_MESSAGE",
            "name": "0001-storage-cft",
            "node_id": "R_kgDOPXnDeA",
            "pages": [],
            "primary_language": "Shell",
            "private": false,
            "repo_id": 1031390072,
            "security_and_analysis": [
              {
                "advanced_security": [],
                "secret_scanning": [
                  {
                    "status": "disabled"
                  }
                ],
                "secret_scanning_push_protection": [
                  {
                    "status": "disabled"
                  }
                ]
              }
            ],
            "squash_merge_commit_message": "COMMIT_MESSAGES",
            "squash_merge_commit_title": "COMMIT_OR_PR_TITLE",
            "ssh_clone_url": "git@github.com:subhamay-bhattacharyya/0001-storage-cft.git",
            "svn_url": "https://github.com/subhamay-bhattacharyya/0001-storage-cft",
            "template": [
              {
                "include_all_branches": false,
                "owner": "subhamay-bhattacharyya",
                "repository": "cloudformation-template"
              }
            ],
            "topics": [
              "auto-generated",
              "aws-workshop",
              "cloudformation",
              "storage"
            ],
            "visibility": "public",
            "vulnerability_alerts": true,
            "web_commit_signoff_required": false
          },
          "sensitive_attributes": [],
          "private": "eyJzY2hlbWFfdmVyc2lvbiI6IjEifQ=="
        },
        {
          "index_key": "0001-storage-tf",
          "schema_version": 1,
          "attributes": {
            "allow_auto_merge": false,
            "allow_merge_commit": true,
            "allow_rebase_merge": true,
            "allow_squash_merge": true,
            "allow_update_branch": false,
            "archive_on_destroy": null,
            "archived": false,
            "auto_init": true,
            "default_branch": "main",
            "delete_branch_on_merge": true,
            "description": "S3 Security Best Practices using Terraform.",
            "etag": "W/\"e0a557e285b8649e21f1b0547ee9f0d3c61f983cf5b378d456caaecac64b8e38\"",
            "full_name": "subhamay-bhattacharyya/0001-storage-tf",
            "git_clone_url": "git://github.com/subhamay-bhattacharyya/0001-storage-tf.git",
            "gitignore_template": null,
            "has_discussions": false,
            "has_downloads": false,
            "has_issues": true,
            "has_projects": true,
            "has_wiki": false,
            "homepage_url": "https://catalog.us-east-1.prod.workshops.aws/workshops/74237958-77c8-4e7f-a02f-ae201a04d759/en-US/s3-security-best-practices-lab",
            "html_url": "https://github.com/subhamay-bhattacharyya/0001-storage-tf",
            "http_clone_url": "https://github.com/subhamay-bhattacharyya/0001-storage-tf.git",
            "id": "0001-storage-tf",
            "ignore_vulnerability_alerts_during_read": null,
            "is_template": false,
            "license_template": null,
            "merge_commit_message": "PR_TITLE",
            "merge_commit_title": "MERGE_MESSAGE",
            "name": "0001-storage-tf",
            "node_id": "R_kgDOPXnDTg",
            "pages": [],
            "primary_language": "HCL",
            "private": false,
            "repo_id": 1031390030,
            "security_and_analysis": [
              {
                "advanced_security": [],
                "secret_scanning": [
                  {
                    "status": "disabled"
                  }
                ],
                "secret_scanning_push_protection": [
                  {
                    "status": "disabled"
                  }
                ]
              }
            ],
            "squash_merge_commit_message": "COMMIT_MESSAGES",
            "squash_merge_commit_title": "COMMIT_OR_PR_TITLE",
            "ssh_clone_url": "git@github.com:subhamay-bhattacharyya/0001-storage-tf.git",
            "svn_url": "https://github.com/subhamay-bhattacharyya/0001-storage-tf",
            "template": [
              {
                "include_all_branches": false,
                "owner": "subhamay-bhattacharyya",
                "repository": "terraform-template"
              }
            ],
            "topics": [
              "auto-generated",
              "aws-workshop",
              "storage",
              "terraform"
            ],
            "visibility": "public",
            "vulnerability_alerts": true,
            "web_commit_signoff_required": false
          },
          "sensitive_attributes": [],
          "private": "eyJzY2hlbWFfdmVyc2lvbiI6IjEifQ=="
        },
        {
          "index_key": "0002-storage-cft",
          "schema_version": 1,
          "attributes": {
            "allow_auto_merge": false,
            "allow_merge_commit": true,
            "allow_rebase_merge": true,
            "allow_squash_merge": true,
            "allow_update_branch": false,
            "archive_on_destroy": null,
            "archived": false,
            "auto_init": true,
            "default_branch": "main",
            "delete_branch_on_merge": true,
            "description": "S3 Storage Performance using CloudFormation.",
            "etag": "W/\"8a52b0bfd3473c855fbf59b6c80776880c59bc85fcac222ff9f41ff83185eba6\"",
            "full_name": "subhamay-bhattacharyya/0002-storage-cft",
            "git_clone_url": "git://github.com/subhamay-bhattacharyya/0002-storage-cft.git",
            "gitignore_template": null,
            "has_discussions": false,
            "has_downloads": false,
            "has_issues": true,
            "has_projects": true,
            "has_wiki": false,
            "homepage_url": "https://catalog.us-east-1.prod.workshops.aws/workshops/74237958-77c8-4e7f-a02f-ae201a04d759/en-US/storage-performance-best-practices-lab/02-s3performance",
            "html_url": "https://github.com/subhamay-bhattacharyya/0002-storage-cft",
            "http_clone_url": "https://github.com/subhamay-bhattacharyya/0002-storage-cft.git",
            "id": "0002-storage-cft",
            "ignore_vulnerability_alerts_during_read": null,
            "is_template": false,
            "license_template": null,
            "merge_commit_message": "PR_TITLE",
            "merge_commit_title": "MERGE_MESSAGE",
            "name": "0002-storage-cft",
            "node_id": "R_kgDOPXnDaQ",
            "pages": [],
            "primary_language": "Shell",
            "private": false,
            "repo_id": 1031390057,
            "security_and_analysis": [
              {
                "advanced_security": [],
                "secret_scanning": [
                  {
                    "status": "disabled"
                  }
                ],
                "secret_scanning_push_protection": [
                  {
                    "status": "disabled"
                  }
                ]
              }
            ],
            "squash_merge_commit_message": "COMMIT_MESSAGES",
            "squash_merge_commit_title": "COMMIT_OR_PR_TITLE",
            "ssh_clone_url": "git@github.com:subhamay-bhattacharyya/0002-storage-cft.git",
            "svn_url": "https://github.com/subhamay-bhattacharyya/0002-storage-cft",
            "template": [
              {
                "include_all_branches": false,
                "owner": "subhamay-bhattacharyya",
                "repository": "cloudformation-template"
              }
            ],
            "topics": [
              "auto-generated",
              "aws-workshop",
              "cloudformation",
              "storage"
            ],
            "visibility": "public",
            "vulnerability_alerts": true,
            "web_commit_signoff_required": false
          },
          "sensitive_attributes": [],
          "private": "eyJzY2hlbWFfdmVyc2lvbiI6IjEifQ=="
        },
        {
          "index_key": "0002-storage-tf",
          "schema_version": 1,
          "attributes": {
            "allow_auto_merge": false,
            "allow_merge_commit": true,
            "allow_rebase_merge": true,
            "allow_squash_merge": true,
            "allow_update_branch": false,
            "archive_on_destroy": null,
            "archived": false,
            "auto_init": true,
            "default_branch": "main",
            "delete_branch_on_merge": true,
            "description": "S3 Storage Performance using Terraform.",
            "etag": "W/\"3b79af5945de5a99a4cac40eb8ee15c9c14fc06ebe225d385fce5c15198d90fc\"",
            "full_name": "subhamay-bhattacharyya/0002-storage-tf",
            "git_clone_url": "git://github.com/subhamay-bhattacharyya/0002-storage-tf.git",
            "gitignore_template": null,
            "has_discussions": false,
            "has_downloads": false,
            "has_issues": true,
            "has_projects": true,
            "has_wiki": false,
            "homepage_url": "https://catalog.us-east-1.prod.workshops.aws/workshops/74237958-77c8-4e7f-a02f-ae201a04d759/en-US/storage-performance-best-practices-lab/02-s3performance",
            "html_url": "https://github.com/subhamay-bhattacharyya/0002-storage-tf",
            "http_clone_url": "https://github.com/subhamay-bhattacharyya/0002-storage-tf.git",
            "id": "0002-storage-tf",
            "ignore_vulnerability_alerts_during_read": null,
            "is_template": false,
            "license_template": null,
            "merge_commit_message": "PR_TITLE",
            "merge_commit_title": "MERGE_MESSAGE",
            "name": "0002-storage-tf",
            "node_id": "R_kgDOPXnDWw",
            "pages": [],
            "primary_language": "HCL",
            "private": false,
            "repo_id": 1031390043,
            "security_and_analysis": [
              {
                "advanced_security": [],
                "secret_scanning": [
                  {
                    "status": "disabled"
                  }
                ],
                "secret_scanning_push_protection": [
                  {
                    "status": "disabled"
                  }
                ]
              }
            ],
            "squash_merge_commit_message": "COMMIT_MESSAGES",
            "squash_merge_commit_title": "COMMIT_OR_PR_TITLE",
            "ssh_clone_url": "git@github.com:subhamay-bhattacharyya/0002-storage-tf.git",
            "svn_url": "https://github.com/subhamay-bhattacharyya/0002-storage-tf",
            "template": [
              {
                "include_all_branches": false,
                "owner": "subhamay-bhattacharyya",
                "repository": "terraform-template"
              }
            ],
            "topics": [
              "auto-generated",
              "aws-workshop",
              "storage",
              "terraform"
            ],
            "visibility": "public",
            "vulnerability_alerts": true,
            "web_commit_signoff_required": false
          },
          "sensitive_attributes": [],
          "private": "eyJzY2hlbWFfdmVyc2lvbiI6IjEifQ=="
        }
      ]
    },
    {
      "module": "module.repositories",
      "mode": "managed",
      "type": "github_repository_file",
      "name": "changelog",
      "provider": "module.repositories.provider[\"registry.terraform.io/integrations/github\"]",
      "instances": [
        {
          "index_key": "0001-storage-cft",
          "schema_version": 0,
          "attributes": {
            "autocreate_branch": null,
            "autocreate_branch_source_branch": null,
            "autocreate_branch_source_sha": null,
            "branch": "main",
            "commit_author": null,
            "commit_email": null,
            "commit_message": "Add CHANGELOG.md",
            "commit_sha": "34de623ec0edf392c0ec109b4819f95df4a2a270",
            "content": "\n# Changelog\n\nAll notable changes to this project will be documented in this file.",
            "file": "CHANGELOG.md",
            "id": "0001-storage-cft/CHANGELOG.md",
            "overwrite_on_create": true,
            "ref": "main",
            "repository": "0001-storage-cft",
            "sha": "aeb7f26825930316d7b247918d4f9e800969368f"
          },
          "sensitive_attributes": [],
          "private": "bnVsbA==",
          "dependencies": [
            "module.repositories.github_repository.this"
          ]
        },
        {
          "index_key": "0001-storage-tf",
          "schema_version": 0,
          "attributes": {
            "autocreate_branch": null,
            "autocreate_branch_source_branch": null,
            "autocreate_branch_source_sha": null,
            "branch": "main",
            "commit_author": null,
            "commit_email": null,
            "commit_message": "Add CHANGELOG.md",
            "commit_sha": "f7eda4818d4d6d561f7afdcd9d5df187b7dc4b06",
            "content": "\n# Changelog\n\nAll notable changes to this project will be documented in this file.",
            "file": "CHANGELOG.md",
            "id": "0001-storage-tf/CHANGELOG.md",
            "overwrite_on_create": true,
            "ref": "main",
            "repository": "0001-storage-tf",
            "sha": "aeb7f26825930316d7b247918d4f9e800969368f"
          },
          "sensitive_attributes": [],
          "private": "bnVsbA==",
          "dependencies": [
            "module.repositories.github_repository.this"
          ]
        },
        {
          "index_key": "0002-storage-cft",
          "schema_version": 0,
          "attributes": {
            "autocreate_branch": null,
            "autocreate_branch_source_branch": null,
            "autocreate_branch_source_sha": null,
            "branch": "main",
            "commit_author": null,
            "commit_email": null,
            "commit_message": "Add CHANGELOG.md",
            "commit_sha": "62d26136d1da94c19f0581a928cedb1731c619ff",
            "content": "\n# Changelog\n\nAll notable changes to this project will be documented in this file.",
            "file": "CHANGELOG.md",
            "id": "0002-storage-cft/CHANGELOG.md",
            "overwrite_on_create": true,
            "ref": "main",
            "repository": "0002-storage-cft",
            "sha": "aeb7f26825930316d7b247918d4f9e800969368f"
          },
          "sensitive_attributes": [],
          "private": "bnVsbA==",
          "dependencies": [
            "module.repositories.github_repository.this"
          ]
        },
        {
          "index_key": "0002-storage-tf",
          "schema_version": 0,
          "attributes": {
            "autocreate_branch": null,
            "autocreate_branch_source_branch": null,
            "autocreate_branch_source_sha": null,
            "branch": "main",
            "commit_author": null,
            "commit_email": null,
            "commit_message": "Add CHANGELOG.md",
            "commit_sha": "6a13ed09f8df9e1349c6d18a463f7cf3e89469d8",
            "content": "\n# Changelog\n\nAll notable changes to this project will be documented in this file.",
            "file": "CHANGELOG.md",
            "id": "0002-storage-tf/CHANGELOG.md",
            "overwrite_on_create": true,
            "ref": "main",
            "repository": "0002-storage-tf",
            "sha": "aeb7f26825930316d7b247918d4f9e800969368f"
          },
          "sensitive_attributes": [],
          "private": "bnVsbA==",
          "dependencies": [
            "module.repositories.github_repository.this"
          ]
        }
      ]
    },
    {
      "module": "module.repositories",
      "mode": "managed",
      "type": "github_repository_file",
      "name": "ci-workflow",
      "provider": "module.repositories.provider[\"registry.terraform.io/integrations/github\"]",
      "instances": [
        {
          "index_key": "0001-storage-cft",
          "schema_version": 0,
          "attributes": {
            "autocreate_branch": null,
            "autocreate_branch_source_branch": null,
            "autocreate_branch_source_sha": null,
            "branch": "main",
            "commit_author": null,
            "commit_email": null,
            "commit_message": "Add .github/workflows/ci.yaml",
            "commit_sha": "0246be81d2f8b859ba2cf5cb51538c99f1804dc8",
            "content": "name: CloudFormation CI\nrun-name: Build run by ${{ github.actor }} on ${{ github.ref_name }}\n\non:\n  push:\n    branches:\n      - 'feature/**'\n      - 'bug/**'\n    paths-ignore:\n      - 'README.md'\n      - '.github/**'\n      - 'CODEOWNERS'\n      - 'LICENSE'\n      - 'VERSION'\n      - 'CHANGELOG.md'\n      - 'CODE_OF_CONDUCT.md'\n      - 'CONTRIBUTING.md'\n      - '*.sh'\n      - '*.txt'\n      - '*.json'\n      - '.gitignore'\n      - '.editorconfig'\n      - '.pre-commit-config.yaml'\n  workflow_dispatch:\n\npermissions:\n  contents: write\n  id-token: write\n\n\njobs:\n  cloudformation-ci: \n    name: CloudFormation CI\n    runs-on: ubuntu-latest \n    steps: \n      - name: hello-world \n        run: echo \"Hello World!\" \n\n\n# jobs:\n#   cloudformation-ci:\n#     name: CI\n#     uses: subhamay-bhattacharyya-gha/cfn-ci-reusable-wf/.github/workflows/ci.yaml@feature/GHA-0009-add-condition-for-feature\n#     with:\n#       environment: \"ci\"\n#       cloudformation-dir: \"cfn\"\n#     secrets:\n#       aws-role-arn: ${{ secrets.AWS_ROLE_ARN }}\n#       infracost-api-key: ${{ secrets.INFRACOST_API_KEY }}\n#       infracost-gist-id: ${{ secrets.INFRACOST_GIST_ID }}",
            "file": ".github/workflows/ci.yaml",
            "id": "0001-storage-cft/.github/workflows/ci.yaml",
            "overwrite_on_create": true,
            "ref": "main",
            "repository": "0001-storage-cft",
            "sha": "9f6d6910f2bd65c14f127c819fff260b3609ef3b"
          },
          "sensitive_attributes": [],
          "private": "bnVsbA==",
          "dependencies": [
            "module.repositories.github_repository.this"
          ]
        },
        {
          "index_key": "0001-storage-tf",
          "schema_version": 0,
          "attributes": {
            "autocreate_branch": null,
            "autocreate_branch_source_branch": null,
            "autocreate_branch_source_sha": null,
            "branch": "main",
            "commit_author": null,
            "commit_email": null,
            "commit_message": "Add .github/workflows/ci.yaml",
            "commit_sha": "b33474246439444c71aa7c4f46af5ad8b25a38ca",
            "content": "name: Terraform CI\nrun-name: Build run by ${{ github.actor }} on ${{ github.ref_name }}\n\non:\n  push:\n    branches:\n      - 'feature/**'\n      - 'bug/**'\n    paths-ignore:\n      - 'README.md'\n      - '.github/**'\n      - 'CODEOWNERS'\n      - 'LICENSE'\n      - 'VERSION'\n      - 'CHANGELOG.md'\n      - 'CODE_OF_CONDUCT.md'\n      - 'CONTRIBUTING.md'\n      - '*.sh'\n      - '*.txt'\n      - '*.json'\n      - '.gitignore'\n      - '.editorconfig'\n      - '.pre-commit-config.yaml'\n  workflow_dispatch:\n\npermissions:\n  contents: write\n  id-token: write\n\njobs:\n  terraform-ci:\n    name: CI\n    uses: subhamay-bhattacharyya-gha/tf-ci-reusable-wf/.github/workflows/ci.yaml@feature/GHA-0009-add-condition-for-feature\n    with:\n      environment: \"ci\"\n      terraform-dir: \"tf\"\n    secrets:\n      aws-role-arn: ${{ secrets.AWS_ROLE_ARN }}\n      infracost-api-key: ${{ secrets.INFRACOST_API_KEY }}\n      infracost-gist-id: ${{ secrets.INFRACOST_GIST_ID }}\n",
            "file": ".github/workflows/ci.yaml",
            "id": "0001-storage-tf/.github/workflows/ci.yaml",
            "overwrite_on_create": true,
            "ref": "main",
            "repository": "0001-storage-tf",
            "sha": "afb2e50a99f871deea3a2142c489438e047ef038"
          },
          "sensitive_attributes": [],
          "private": "bnVsbA==",
          "dependencies": [
            "module.repositories.github_repository.this"
          ]
        },
        {
          "index_key": "0002-storage-cft",
          "schema_version": 0,
          "attributes": {
            "autocreate_branch": null,
            "autocreate_branch_source_branch": null,
            "autocreate_branch_source_sha": null,
            "branch": "main",
            "commit_author": null,
            "commit_email": null,
            "commit_message": "Add .github/workflows/ci.yaml",
            "commit_sha": "5c5a0597d75a1e278d9d55abb61dcd8c2623095f",
            "content": "name: CloudFormation CI\nrun-name: Build run by ${{ github.actor }} on ${{ github.ref_name }}\n\non:\n  push:\n    branches:\n      - 'feature/**'\n      - 'bug/**'\n    paths-ignore:\n      - 'README.md'\n      - '.github/**'\n      - 'CODEOWNERS'\n      - 'LICENSE'\n      - 'VERSION'\n      - 'CHANGELOG.md'\n      - 'CODE_OF_CONDUCT.md'\n      - 'CONTRIBUTING.md'\n      - '*.sh'\n      - '*.txt'\n      - '*.json'\n      - '.gitignore'\n      - '.editorconfig'\n      - '.pre-commit-config.yaml'\n  workflow_dispatch:\n\npermissions:\n  contents: write\n  id-token: write\n\n\njobs:\n  cloudformation-ci: \n    name: CloudFormation CI\n    runs-on: ubuntu-latest \n    steps: \n      - name: hello-world \n        run: echo \"Hello World!\" \n\n\n# jobs:\n#   cloudformation-ci:\n#     name: CI\n#     uses: subhamay-bhattacharyya-gha/cfn-ci-reusable-wf/.github/workflows/ci.yaml@feature/GHA-0009-add-condition-for-feature\n#     with:\n#       environment: \"ci\"\n#       cloudformation-dir: \"cfn\"\n#     secrets:\n#       aws-role-arn: ${{ secrets.AWS_ROLE_ARN }}\n#       infracost-api-key: ${{ secrets.INFRACOST_API_KEY }}\n#       infracost-gist-id: ${{ secrets.INFRACOST_GIST_ID }}",
            "file": ".github/workflows/ci.yaml",
            "id": "0002-storage-cft/.github/workflows/ci.yaml",
            "overwrite_on_create": true,
            "ref": "main",
            "repository": "0002-storage-cft",
            "sha": "9f6d6910f2bd65c14f127c819fff260b3609ef3b"
          },
          "sensitive_attributes": [],
          "private": "bnVsbA==",
          "dependencies": [
            "module.repositories.github_repository.this"
          ]
        },
        {
          "index_key": "0002-storage-tf",
          "schema_version": 0,
          "attributes": {
            "autocreate_branch": null,
            "autocreate_branch_source_branch": null,
            "autocreate_branch_source_sha": null,
            "branch": "main",
            "commit_author": null,
            "commit_email": null,
            "commit_message": "Add .github/workflows/ci.yaml",
            "commit_sha": "c00666f72887a8fb572c270b5c8371984a578004",
            "content": "name: Terraform CI\nrun-name: Build run by ${{ github.actor }} on ${{ github.ref_name }}\n\non:\n  push:\n    branches:\n      - 'feature/**'\n      - 'bug/**'\n    paths-ignore:\n      - 'README.md'\n      - '.github/**'\n      - 'CODEOWNERS'\n      - 'LICENSE'\n      - 'VERSION'\n      - 'CHANGELOG.md'\n      - 'CODE_OF_CONDUCT.md'\n      - 'CONTRIBUTING.md'\n      - '*.sh'\n      - '*.txt'\n      - '*.json'\n      - '.gitignore'\n      - '.editorconfig'\n      - '.pre-commit-config.yaml'\n  workflow_dispatch:\n\npermissions:\n  contents: write\n  id-token: write\n\njobs:\n  terraform-ci:\n    name: CI\n    uses: subhamay-bhattacharyya-gha/tf-ci-reusable-wf/.github/workflows/ci.yaml@feature/GHA-0009-add-condition-for-feature\n    with:\n      environment: \"ci\"\n      terraform-dir: \"tf\"\n    secrets:\n      aws-role-arn: ${{ secrets.AWS_ROLE_ARN }}\n      infracost-api-key: ${{ secrets.INFRACOST_API_KEY }}\n      infracost-gist-id: ${{ secrets.INFRACOST_GIST_ID }}\n",
            "file": ".github/workflows/ci.yaml",
            "id": "0002-storage-tf/.github/workflows/ci.yaml",
            "overwrite_on_create": true,
            "ref": "main",
            "repository": "0002-storage-tf",
            "sha": "afb2e50a99f871deea3a2142c489438e047ef038"
          },
          "sensitive_attributes": [],
          "private": "bnVsbA==",
          "dependencies": [
            "module.repositories.github_repository.this"
          ]
        }
      ]
    },
    {
      "module": "module.repositories",
      "mode": "managed",
      "type": "github_repository_file",
      "name": "contributing",
      "provider": "module.repositories.provider[\"registry.terraform.io/integrations/github\"]",
      "instances": [
        {
          "index_key": "0001-storage-cft",
          "schema_version": 0,
          "attributes": {
            "autocreate_branch": null,
            "autocreate_branch_source_branch": null,
            "autocreate_branch_source_sha": null,
            "branch": "main",
            "commit_author": null,
            "commit_email": null,
            "commit_message": "Add CONTRIBUTING.md",
            "commit_sha": "6d83ea710f48537454a24a5bb88201938047a5d6",
            "content": "# Contributing\n\nFirst off, thank you for considering contributing to our project! We’re excited to have you on board.\n\n## How Can I Help?\n\nThere are many ways you can help:\n\n- Reporting bugs\n- Suggesting features\n- Writing documentation\n- Submitting pull requests (PRs)\n\n## Reporting Issues\n\nIf you find a bug or have an issue, please check the [open issues](https://github.com/subhamay-bhattacharyya-gha/0001-storage-cft/issues) before creating a new one. If it’s not there, feel free to open a new issue and provide as much information as possible.\n\n## Submitting Changes\n\n1. Fork the repo.\n2. Create a branch for your feature (`git checkout -b feature-name`).\n3. Make your changes.\n4. Commit your changes (`git commit -am 'Add new feature'`).\n5. Push to your forked repo (`git push origin feature-name`).\n6. Open a pull request to the main repository.\n\n## Coding Standards\n\nPlease follow our coding guidelines and write tests for any new code you add.\n\n---\n\nThanks for contributing! You're awesome. 😎",
            "file": "CONTRIBUTING.md",
            "id": "0001-storage-cft/CONTRIBUTING.md",
            "overwrite_on_create": true,
            "ref": "main",
            "repository": "0001-storage-cft",
            "sha": "b15c9d2dd200c0f1fa4823da4519a60a0efe17af"
          },
          "sensitive_attributes": [],
          "private": "bnVsbA==",
          "dependencies": [
            "module.repositories.github_repository.this"
          ]
        },
        {
          "index_key": "0001-storage-tf",
          "schema_version": 0,
          "attributes": {
            "autocreate_branch": null,
            "autocreate_branch_source_branch": null,
            "autocreate_branch_source_sha": null,
            "branch": "main",
            "commit_author": null,
            "commit_email": null,
            "commit_message": "Add CONTRIBUTING.md",
            "commit_sha": "7911b0d5d4f69f7ee096e128427465c669e8a5fa",
            "content": "# Contributing\n\nFirst off, thank you for considering contributing to our project! We’re excited to have you on board.\n\n## How Can I Help?\n\nThere are many ways you can help:\n\n- Reporting bugs\n- Suggesting features\n- Writing documentation\n- Submitting pull requests (PRs)\n\n## Reporting Issues\n\nIf you find a bug or have an issue, please check the [open issues](https://github.com/subhamay-bhattacharyya-gha/0001-storage-tf/issues) before creating a new one. If it’s not there, feel free to open a new issue and provide as much information as possible.\n\n## Submitting Changes\n\n1. Fork the repo.\n2. Create a branch for your feature (`git checkout -b feature-name`).\n3. Make your changes.\n4. Commit your changes (`git commit -am 'Add new feature'`).\n5. Push to your forked repo (`git push origin feature-name`).\n6. Open a pull request to the main repository.\n\n## Coding Standards\n\nPlease follow our coding guidelines and write tests for any new code you add.\n\n---\n\nThanks for contributing! You're awesome. 😎",
            "file": "CONTRIBUTING.md",
            "id": "0001-storage-tf/CONTRIBUTING.md",
            "overwrite_on_create": true,
            "ref": "main",
            "repository": "0001-storage-tf",
            "sha": "7a4ca079a55529b30961ab6bb7e52ba83ae14978"
          },
          "sensitive_attributes": [],
          "private": "bnVsbA==",
          "dependencies": [
            "module.repositories.github_repository.this"
          ]
        },
        {
          "index_key": "0002-storage-cft",
          "schema_version": 0,
          "attributes": {
            "autocreate_branch": null,
            "autocreate_branch_source_branch": null,
            "autocreate_branch_source_sha": null,
            "branch": "main",
            "commit_author": null,
            "commit_email": null,
            "commit_message": "Add CONTRIBUTING.md",
            "commit_sha": "7dccee130711ab96e8744210426d630fd2a96472",
            "content": "# Contributing\n\nFirst off, thank you for considering contributing to our project! We’re excited to have you on board.\n\n## How Can I Help?\n\nThere are many ways you can help:\n\n- Reporting bugs\n- Suggesting features\n- Writing documentation\n- Submitting pull requests (PRs)\n\n## Reporting Issues\n\nIf you find a bug or have an issue, please check the [open issues](https://github.com/subhamay-bhattacharyya-gha/0002-storage-cft/issues) before creating a new one. If it’s not there, feel free to open a new issue and provide as much information as possible.\n\n## Submitting Changes\n\n1. Fork the repo.\n2. Create a branch for your feature (`git checkout -b feature-name`).\n3. Make your changes.\n4. Commit your changes (`git commit -am 'Add new feature'`).\n5. Push to your forked repo (`git push origin feature-name`).\n6. Open a pull request to the main repository.\n\n## Coding Standards\n\nPlease follow our coding guidelines and write tests for any new code you add.\n\n---\n\nThanks for contributing! You're awesome. 😎",
            "file": "CONTRIBUTING.md",
            "id": "0002-storage-cft/CONTRIBUTING.md",
            "overwrite_on_create": true,
            "ref": "main",
            "repository": "0002-storage-cft",
            "sha": "a56a3f33df6358573532bd1b88669b224883a900"
          },
          "sensitive_attributes": [],
          "private": "bnVsbA==",
          "dependencies": [
            "module.repositories.github_repository.this"
          ]
        },
        {
          "index_key": "0002-storage-tf",
          "schema_version": 0,
          "attributes": {
            "autocreate_branch": null,
            "autocreate_branch_source_branch": null,
            "autocreate_branch_source_sha": null,
            "branch": "main",
            "commit_author": null,
            "commit_email": null,
            "commit_message": "Add CONTRIBUTING.md",
            "commit_sha": "760e9938e87ff29cab484006fe6012cf1a37e863",
            "content": "# Contributing\n\nFirst off, thank you for considering contributing to our project! We’re excited to have you on board.\n\n## How Can I Help?\n\nThere are many ways you can help:\n\n- Reporting bugs\n- Suggesting features\n- Writing documentation\n- Submitting pull requests (PRs)\n\n## Reporting Issues\n\nIf you find a bug or have an issue, please check the [open issues](https://github.com/subhamay-bhattacharyya-gha/0002-storage-tf/issues) before creating a new one. If it’s not there, feel free to open a new issue and provide as much information as possible.\n\n## Submitting Changes\n\n1. Fork the repo.\n2. Create a branch for your feature (`git checkout -b feature-name`).\n3. Make your changes.\n4. Commit your changes (`git commit -am 'Add new feature'`).\n5. Push to your forked repo (`git push origin feature-name`).\n6. Open a pull request to the main repository.\n\n## Coding Standards\n\nPlease follow our coding guidelines and write tests for any new code you add.\n\n---\n\nThanks for contributing! You're awesome. 😎",
            "file": "CONTRIBUTING.md",
            "id": "0002-storage-tf/CONTRIBUTING.md",
            "overwrite_on_create": true,
            "ref": "main",
            "repository": "0002-storage-tf",
            "sha": "ebfff24000840a506e95e3319a4de0226929fc15"
          },
          "sensitive_attributes": [],
          "private": "bnVsbA==",
          "dependencies": [
            "module.repositories.github_repository.this"
          ]
        }
      ]
    },
    {
      "module": "module.repositories",
      "mode": "managed",
      "type": "github_repository_file",
      "name": "create-branch-workflow",
      "provider": "module.repositories.provider[\"registry.terraform.io/integrations/github\"]",
      "instances": [
        {
          "index_key": "0001-storage-cft",
          "schema_version": 0,
          "attributes": {
            "autocreate_branch": null,
            "autocreate_branch_source_branch": null,
            "autocreate_branch_source_sha": null,
            "branch": "main",
            "commit_author": null,
            "commit_email": null,
            "commit_message": "Add .github/workflows/create-branch.yaml",
            "commit_sha": "c2f597c00a74cd85ca41ad6a7bdf3eb6022372ad",
            "content": "name: Auto Create Branch on Issue Assignment\nrun-name: Create Feature Branch by ${{ github.actor }} on ${{ github.ref_name }}\n\non:\n  issues:\n    types: [assigned]\n\npermissions:\n  contents: write\n  issues: write\n  \njobs:\n  create-feature-branch:\n    name: \"Create Feature Branch\"\n    runs-on: ubuntu-latest\n    steps:\n      - uses: subhamay-bhattacharyya-gha/create-branch-action@main\n        with:\n          title-length: 25\n          github-token: ${{ secrets.GITHUB_TOKEN }}\n          use-project-prefix: 'false'\n          branch-prefix: 'SBCFN'",
            "file": ".github/workflows/create-branch.yaml",
            "id": "0001-storage-cft/.github/workflows/create-branch.yaml",
            "overwrite_on_create": true,
            "ref": "main",
            "repository": "0001-storage-cft",
            "sha": "ab7a09385941aeee463735e6551d8f496890e104"
          },
          "sensitive_attributes": [],
          "private": "bnVsbA==",
          "dependencies": [
            "module.repositories.github_repository.this"
          ]
        },
        {
          "index_key": "0001-storage-tf",
          "schema_version": 0,
          "attributes": {
            "autocreate_branch": null,
            "autocreate_branch_source_branch": null,
            "autocreate_branch_source_sha": null,
            "branch": "main",
            "commit_author": null,
            "commit_email": null,
            "commit_message": "Add .github/workflows/create-branch.yaml",
            "commit_sha": "78ace91a9718fedec6c4283d7c1c50b174e50851",
            "content": "name: Auto Create Branch on Issue Assignment\nrun-name: Create Feature Branch by ${{ github.actor }} on ${{ github.ref_name }}\n\non:\n  issues:\n    types: [assigned]\n\npermissions:\n  contents: write\n  issues: write\n  \njobs:\n  create-feature-branch:\n    name: \"Create Feature Branch\"\n    runs-on: ubuntu-latest\n    steps:\n      - uses: subhamay-bhattacharyya-gha/create-branch-action@main\n        with:\n          title-length: 25\n          github-token: ${{ secrets.GITHUB_TOKEN }}\n          use-project-prefix: 'false'\n          branch-prefix: 'SBTF'",
            "file": ".github/workflows/create-branch.yaml",
            "id": "0001-storage-tf/.github/workflows/create-branch.yaml",
            "overwrite_on_create": true,
            "ref": "main",
            "repository": "0001-storage-tf",
            "sha": "aa80548792c9ac409faddb0c307e9c2fb0868ed9"
          },
          "sensitive_attributes": [],
          "private": "bnVsbA==",
          "dependencies": [
            "module.repositories.github_repository.this"
          ]
        },
        {
          "index_key": "0002-storage-cft",
          "schema_version": 0,
          "attributes": {
            "autocreate_branch": null,
            "autocreate_branch_source_branch": null,
            "autocreate_branch_source_sha": null,
            "branch": "main",
            "commit_author": null,
            "commit_email": null,
            "commit_message": "Add .github/workflows/create-branch.yaml",
            "commit_sha": "cd0637afa1225768668c569b6d2625305faa24bf",
            "content": "name: Auto Create Branch on Issue Assignment\nrun-name: Create Feature Branch by ${{ github.actor }} on ${{ github.ref_name }}\n\non:\n  issues:\n    types: [assigned]\n\npermissions:\n  contents: write\n  issues: write\n  \njobs:\n  create-feature-branch:\n    name: \"Create Feature Branch\"\n    runs-on: ubuntu-latest\n    steps:\n      - uses: subhamay-bhattacharyya-gha/create-branch-action@main\n        with:\n          title-length: 25\n          github-token: ${{ secrets.GITHUB_TOKEN }}\n          use-project-prefix: 'false'\n          branch-prefix: 'SBCFN'",
            "file": ".github/workflows/create-branch.yaml",
            "id": "0002-storage-cft/.github/workflows/create-branch.yaml",
            "overwrite_on_create": true,
            "ref": "main",
            "repository": "0002-storage-cft",
            "sha": "ab7a09385941aeee463735e6551d8f496890e104"
          },
          "sensitive_attributes": [],
          "private": "bnVsbA==",
          "dependencies": [
            "module.repositories.github_repository.this"
          ]
        },
        {
          "index_key": "0002-storage-tf",
          "schema_version": 0,
          "attributes": {
            "autocreate_branch": null,
            "autocreate_branch_source_branch": null,
            "autocreate_branch_source_sha": null,
            "branch": "main",
            "commit_author": null,
            "commit_email": null,
            "commit_message": "Add .github/workflows/create-branch.yaml",
            "commit_sha": "b39d93603d01134e321a1f67e3c28b55f1811571",
            "content": "name: Auto Create Branch on Issue Assignment\nrun-name: Create Feature Branch by ${{ github.actor }} on ${{ github.ref_name }}\n\non:\n  issues:\n    types: [assigned]\n\npermissions:\n  contents: write\n  issues: write\n  \njobs:\n  create-feature-branch:\n    name: \"Create Feature Branch\"\n    runs-on: ubuntu-latest\n    steps:\n      - uses: subhamay-bhattacharyya-gha/create-branch-action@main\n        with:\n          title-length: 25\n          github-token: ${{ secrets.GITHUB_TOKEN }}\n          use-project-prefix: 'false'\n          branch-prefix: 'SBTF'",
            "file": ".github/workflows/create-branch.yaml",
            "id": "0002-storage-tf/.github/workflows/create-branch.yaml",
            "overwrite_on_create": true,
            "ref": "main",
            "repository": "0002-storage-tf",
            "sha": "aa80548792c9ac409faddb0c307e9c2fb0868ed9"
          },
          "sensitive_attributes": [],
          "private": "bnVsbA==",
          "dependencies": [
            "module.repositories.github_repository.this"
          ]
        }
      ]
    },
    {
      "module": "module.repositories",
      "mode": "managed",
      "type": "github_repository_file",
      "name": "create-release-workflow",
      "provider": "module.repositories.provider[\"registry.terraform.io/integrations/github\"]",
      "instances": [
        {
          "index_key": "0001-storage-cft",
          "schema_version": 0,
          "attributes": {
            "autocreate_branch": null,
            "autocreate_branch_source_branch": null,
            "autocreate_branch_source_sha": null,
            "branch": "main",
            "commit_author": null,
            "commit_email": null,
            "commit_message": "Add .github/workflows/create-release.yaml",
            "commit_sha": "188125dfab9efe882202a45f02e5779823b745bd",
            "content": "name: Create\nrun-name: Merge Pull Request run by ${{ github.actor }} on ${{ github.ref_name }}\n\non:\n  push:\n    branches:\n      - 'main'\n    paths-ignore:\n      - 'README.md'\n      - '.github/**'\n      - 'CODEOWNERS'\n      - 'LICENSE'\n      - 'VERSION'\n      - 'CHANGELOG.md'\n      - 'CODE_OF_CONDUCT.md'\n      - 'CONTRIBUTING.md'\n      - '*.sh'\n      - '*.txt'\n      - '*.json'\n      - '.gitignore'\n      - '.editorconfig'\n      - '.pre-commit-config.yaml'\n  workflow_dispatch:\n\npermissions:\n  contents: write\n  id-token: write\n  actions: read\n\n\njobs:\n  create-release: \n    runs-on: ubuntu-latest \n    steps: \n      - name: hello-world \n        run: echo \"Hello World!\" \n\n  # create-release:\n  #   name: Create Release\n  #   uses: subhamay-bhattacharyya-gha/tf-release-wf/.github/workflows/create-release.yaml@feature/GHA-0002-initial-release\n  #   with:\n  #     environment: \"ci\"\n  #     terraform-dir: \"tf\"\n  #   secrets:\n  #     aws-role-arn: ${{ secrets.AWS_ROLE_ARN }}\n  #     infracost-api-key: ${{ secrets.INFRACOST_API_KEY }}\n  #     infracost-gist-id: ${{ secrets.INFRACOST_GIST_ID }}",
            "file": ".github/workflows/create-release.yaml",
            "id": "0001-storage-cft/.github/workflows/create-release.yaml",
            "overwrite_on_create": true,
            "ref": "main",
            "repository": "0001-storage-cft",
            "sha": "dab72600206e89d4a4e929a2b2984fb643f5bfe7"
          },
          "sensitive_attributes": [],
          "private": "bnVsbA==",
          "dependencies": [
            "module.repositories.github_repository.this"
          ]
        },
        {
          "index_key": "0001-storage-tf",
          "schema_version": 0,
          "attributes": {
            "autocreate_branch": null,
            "autocreate_branch_source_branch": null,
            "autocreate_branch_source_sha": null,
            "branch": "main",
            "commit_author": null,
            "commit_email": null,
            "commit_message": "Add .github/workflows/create-release.yaml",
            "commit_sha": "0bc42a00bcd1ffc2b2cda5394643ba21566ee87e",
            "content": "name: Create\nrun-name: Merge Pull Request run by ${{ github.actor }} on ${{ github.ref_name }}\n\non:\n  push:\n    branches:\n      - 'main'\n    paths-ignore:\n      - 'README.md'\n      - '.github/**'\n      - 'CODEOWNERS'\n      - 'LICENSE'\n      - 'VERSION'\n      - 'CHANGELOG.md'\n      - 'CODE_OF_CONDUCT.md'\n      - 'CONTRIBUTING.md'\n      - '*.sh'\n      - '*.txt'\n      - '*.json'\n      - '.gitignore'\n      - '.editorconfig'\n      - '.pre-commit-config.yaml'\n  workflow_dispatch:\n\npermissions:\n  contents: write\n  id-token: write\n  actions: read\n\njobs:\n\n  create-release:\n    name: Create Release\n    uses: subhamay-bhattacharyya-gha/tf-release-wf/.github/workflows/create-release.yaml@feature/GHA-0002-initial-release\n    with:\n      environment: \"ci\"\n      terraform-dir: \"tf\"\n    secrets:\n      aws-role-arn: ${{ secrets.AWS_ROLE_ARN }}\n      infracost-api-key: ${{ secrets.INFRACOST_API_KEY }}\n      infracost-gist-id: ${{ secrets.INFRACOST_GIST_ID }}",
            "file": ".github/workflows/create-release.yaml",
            "id": "0001-storage-tf/.github/workflows/create-release.yaml",
            "overwrite_on_create": true,
            "ref": "main",
            "repository": "0001-storage-tf",
            "sha": "e0ccaa5603f469a4315fb5247ba8c13bee5f06db"
          },
          "sensitive_attributes": [],
          "private": "bnVsbA==",
          "dependencies": [
            "module.repositories.github_repository.this"
          ]
        },
        {
          "index_key": "0002-storage-cft",
          "schema_version": 0,
          "attributes": {
            "autocreate_branch": null,
            "autocreate_branch_source_branch": null,
            "autocreate_branch_source_sha": null,
            "branch": "main",
            "commit_author": null,
            "commit_email": null,
            "commit_message": "Add .github/workflows/create-release.yaml",
            "commit_sha": "b0b265bee847f61e3fa0fdebf1ccfad4f6809054",
            "content": "name: Create\nrun-name: Merge Pull Request run by ${{ github.actor }} on ${{ github.ref_name }}\n\non:\n  push:\n    branches:\n      - 'main'\n    paths-ignore:\n      - 'README.md'\n      - '.github/**'\n      - 'CODEOWNERS'\n      - 'LICENSE'\n      - 'VERSION'\n      - 'CHANGELOG.md'\n      - 'CODE_OF_CONDUCT.md'\n      - 'CONTRIBUTING.md'\n      - '*.sh'\n      - '*.txt'\n      - '*.json'\n      - '.gitignore'\n      - '.editorconfig'\n      - '.pre-commit-config.yaml'\n  workflow_dispatch:\n\npermissions:\n  contents: write\n  id-token: write\n  actions: read\n\n\njobs:\n  create-release: \n    runs-on: ubuntu-latest \n    steps: \n      - name: hello-world \n        run: echo \"Hello World!\" \n\n  # create-release:\n  #   name: Create Release\n  #   uses: subhamay-bhattacharyya-gha/tf-release-wf/.github/workflows/create-release.yaml@feature/GHA-0002-initial-release\n  #   with:\n  #     environment: \"ci\"\n  #     terraform-dir: \"tf\"\n  #   secrets:\n  #     aws-role-arn: ${{ secrets.AWS_ROLE_ARN }}\n  #     infracost-api-key: ${{ secrets.INFRACOST_API_KEY }}\n  #     infracost-gist-id: ${{ secrets.INFRACOST_GIST_ID }}",
            "file": ".github/workflows/create-release.yaml",
            "id": "0002-storage-cft/.github/workflows/create-release.yaml",
            "overwrite_on_create": true,
            "ref": "main",
            "repository": "0002-storage-cft",
            "sha": "dab72600206e89d4a4e929a2b2984fb643f5bfe7"
          },
          "sensitive_attributes": [],
          "private": "bnVsbA==",
          "dependencies": [
            "module.repositories.github_repository.this"
          ]
        },
        {
          "index_key": "0002-storage-tf",
          "schema_version": 0,
          "attributes": {
            "autocreate_branch": null,
            "autocreate_branch_source_branch": null,
            "autocreate_branch_source_sha": null,
            "branch": "main",
            "commit_author": null,
            "commit_email": null,
            "commit_message": "Add .github/workflows/create-release.yaml",
            "commit_sha": "31f3079d565c93cbdf94b8cd1ee2e43e13f294f9",
            "content": "name: Create\nrun-name: Merge Pull Request run by ${{ github.actor }} on ${{ github.ref_name }}\n\non:\n  push:\n    branches:\n      - 'main'\n    paths-ignore:\n      - 'README.md'\n      - '.github/**'\n      - 'CODEOWNERS'\n      - 'LICENSE'\n      - 'VERSION'\n      - 'CHANGELOG.md'\n      - 'CODE_OF_CONDUCT.md'\n      - 'CONTRIBUTING.md'\n      - '*.sh'\n      - '*.txt'\n      - '*.json'\n      - '.gitignore'\n      - '.editorconfig'\n      - '.pre-commit-config.yaml'\n  workflow_dispatch:\n\npermissions:\n  contents: write\n  id-token: write\n  actions: read\n\njobs:\n\n  create-release:\n    name: Create Release\n    uses: subhamay-bhattacharyya-gha/tf-release-wf/.github/workflows/create-release.yaml@feature/GHA-0002-initial-release\n    with:\n      environment: \"ci\"\n      terraform-dir: \"tf\"\n    secrets:\n      aws-role-arn: ${{ secrets.AWS_ROLE_ARN }}\n      infracost-api-key: ${{ secrets.INFRACOST_API_KEY }}\n      infracost-gist-id: ${{ secrets.INFRACOST_GIST_ID }}",
            "file": ".github/workflows/create-release.yaml",
            "id": "0002-storage-tf/.github/workflows/create-release.yaml",
            "overwrite_on_create": true,
            "ref": "main",
            "repository": "0002-storage-tf",
            "sha": "e0ccaa5603f469a4315fb5247ba8c13bee5f06db"
          },
          "sensitive_attributes": [],
          "private": "bnVsbA==",
          "dependencies": [
            "module.repositories.github_repository.this"
          ]
        }
      ]
    },
    {
      "module": "module.repositories",
      "mode": "managed",
      "type": "github_repository_file",
      "name": "dependabot",
      "provider": "module.repositories.provider[\"registry.terraform.io/integrations/github\"]",
      "instances": [
        {
          "index_key": "0001-storage-cft",
          "schema_version": 0,
          "attributes": {
            "autocreate_branch": null,
            "autocreate_branch_source_branch": null,
            "autocreate_branch_source_sha": null,
            "branch": "main",
            "commit_author": null,
            "commit_email": null,
            "commit_message": "Add .github/dependabot.yaml",
            "commit_sha": "a545516ecd15c49f0e6986b2b1d61753ee284723",
            "content": "version: 2\nupdates:\n  # 1. GitHub Actions\n  - package-ecosystem: \"github-actions\"\n    directory: \"/\"  # Location of your GitHub workflows\n    schedule:\n      interval: \"weekly\"\n      day: \"monday\"\n      time: \"04:00\"\n    open-pull-requests-limit: 5\n\n  # 2. JavaScript / Node.js (npm/yarn)\n  - package-ecosystem: \"npm\"\n    directory: \"/\"  # Location of package.json\n    schedule:\n      interval: \"weekly\"\n      day: \"monday\"\n      time: \"04:00\"\n    open-pull-requests-limit: 5\n    commit-message:\n      prefix: \"chore\"\n      include: \"scope\"",
            "file": ".github/dependabot.yaml",
            "id": "0001-storage-cft/.github/dependabot.yaml",
            "overwrite_on_create": true,
            "ref": "main",
            "repository": "0001-storage-cft",
            "sha": "12967e6f34e3c7ee5f63ff4343ca44dc66aa3639"
          },
          "sensitive_attributes": [],
          "private": "bnVsbA==",
          "dependencies": [
            "module.repositories.github_repository.this"
          ]
        },
        {
          "index_key": "0001-storage-tf",
          "schema_version": 0,
          "attributes": {
            "autocreate_branch": null,
            "autocreate_branch_source_branch": null,
            "autocreate_branch_source_sha": null,
            "branch": "main",
            "commit_author": null,
            "commit_email": null,
            "commit_message": "Add .github/dependabot.yaml",
            "commit_sha": "4b2595b5428feaa9087791cd5fa85cac0a15d4b3",
            "content": "version: 2\nupdates:\n  # 1. GitHub Actions\n  - package-ecosystem: \"github-actions\"\n    directory: \"/\"  # Location of your GitHub workflows\n    schedule:\n      interval: \"weekly\"\n      day: \"monday\"\n      time: \"04:00\"\n    open-pull-requests-limit: 5\n\n  # 2. JavaScript / Node.js (npm/yarn)\n  - package-ecosystem: \"npm\"\n    directory: \"/\"  # Location of package.json\n    schedule:\n      interval: \"weekly\"\n      day: \"monday\"\n      time: \"04:00\"\n    open-pull-requests-limit: 5\n    commit-message:\n      prefix: \"chore\"\n      include: \"scope\"",
            "file": ".github/dependabot.yaml",
            "id": "0001-storage-tf/.github/dependabot.yaml",
            "overwrite_on_create": true,
            "ref": "main",
            "repository": "0001-storage-tf",
            "sha": "12967e6f34e3c7ee5f63ff4343ca44dc66aa3639"
          },
          "sensitive_attributes": [],
          "private": "bnVsbA==",
          "dependencies": [
            "module.repositories.github_repository.this"
          ]
        },
        {
          "index_key": "0002-storage-cft",
          "schema_version": 0,
          "attributes": {
            "autocreate_branch": null,
            "autocreate_branch_source_branch": null,
            "autocreate_branch_source_sha": null,
            "branch": "main",
            "commit_author": null,
            "commit_email": null,
            "commit_message": "Add .github/dependabot.yaml",
            "commit_sha": "7f01a9562d964409c67ce35831204a52210679f3",
            "content": "version: 2\nupdates:\n  # 1. GitHub Actions\n  - package-ecosystem: \"github-actions\"\n    directory: \"/\"  # Location of your GitHub workflows\n    schedule:\n      interval: \"weekly\"\n      day: \"monday\"\n      time: \"04:00\"\n    open-pull-requests-limit: 5\n\n  # 2. JavaScript / Node.js (npm/yarn)\n  - package-ecosystem: \"npm\"\n    directory: \"/\"  # Location of package.json\n    schedule:\n      interval: \"weekly\"\n      day: \"monday\"\n      time: \"04:00\"\n    open-pull-requests-limit: 5\n    commit-message:\n      prefix: \"chore\"\n      include: \"scope\"",
            "file": ".github/dependabot.yaml",
            "id": "0002-storage-cft/.github/dependabot.yaml",
            "overwrite_on_create": true,
            "ref": "main",
            "repository": "0002-storage-cft",
            "sha": "12967e6f34e3c7ee5f63ff4343ca44dc66aa3639"
          },
          "sensitive_attributes": [],
          "private": "bnVsbA==",
          "dependencies": [
            "module.repositories.github_repository.this"
          ]
        },
        {
          "index_key": "0002-storage-tf",
          "schema_version": 0,
          "attributes": {
            "autocreate_branch": null,
            "autocreate_branch_source_branch": null,
            "autocreate_branch_source_sha": null,
            "branch": "main",
            "commit_author": null,
            "commit_email": null,
            "commit_message": "Add .github/dependabot.yaml",
            "commit_sha": "07a64121ab1ead428ff37535f92111a6418fb132",
            "content": "version: 2\nupdates:\n  # 1. GitHub Actions\n  - package-ecosystem: \"github-actions\"\n    directory: \"/\"  # Location of your GitHub workflows\n    schedule:\n      interval: \"weekly\"\n      day: \"monday\"\n      time: \"04:00\"\n    open-pull-requests-limit: 5\n\n  # 2. JavaScript / Node.js (npm/yarn)\n  - package-ecosystem: \"npm\"\n    directory: \"/\"  # Location of package.json\n    schedule:\n      interval: \"weekly\"\n      day: \"monday\"\n      time: \"04:00\"\n    open-pull-requests-limit: 5\n    commit-message:\n      prefix: \"chore\"\n      include: \"scope\"",
            "file": ".github/dependabot.yaml",
            "id": "0002-storage-tf/.github/dependabot.yaml",
            "overwrite_on_create": true,
            "ref": "main",
            "repository": "0002-storage-tf",
            "sha": "12967e6f34e3c7ee5f63ff4343ca44dc66aa3639"
          },
          "sensitive_attributes": [],
          "private": "bnVsbA==",
          "dependencies": [
            "module.repositories.github_repository.this"
          ]
        }
      ]
    },
    {
      "module": "module.repositories",
      "mode": "managed",
      "type": "github_repository_file",
      "name": "deploy-workflow",
      "provider": "module.repositories.provider[\"registry.terraform.io/integrations/github\"]",
      "instances": [
        {
          "index_key": "0001-storage-cft",
          "schema_version": 0,
          "attributes": {
            "autocreate_branch": null,
            "autocreate_branch_source_branch": null,
            "autocreate_branch_source_sha": null,
            "branch": "main",
            "commit_author": null,
            "commit_email": null,
            "commit_message": "Add .github/workflows/cloudformation-deploy.yaml",
            "commit_sha": "81449503a2981f10103231e010e4b7d9523f02f7",
            "content": "name: CloudFormation Deploy\nrun-name: Deploying to ${{ inputs.environment }}\n\non:\n  workflow_dispatch:\n    inputs:\n      environment:\n        description: \"Environment to deploy to (e.g., devl, test, prod)\"\n        required: true\n        type: environment\n        default: devl\n\n\njobs:\n  deploy: \n    name: 🚧 CloudFormation Deploy\n    runs-on: ubuntu-latest \n    steps: \n      - name: hello-world \n        run: echo \"Hello World!\" \n\n\n# jobs:\n#   apply:\n#     name: 🚧 Run Terraform Apply\n#     uses: subhamay-bhattacharyya-gha/tf-apply-wf/.github/workflows/terraform-apply.yaml@main\n#     with:\n#       environment: ${{ inputs.environment }}\n#       terraform-dir: ${{ inputs.terraform-dir }}\n#       tf-vars-file: ${{ inputs.tf-vars-file }}\n#       ci-pipeline: false\n#     secrets:\n#       aws-role-arn: ${{ secrets.AWS_ROLE_ARN }}\n#       infracost-api-key: ${{ secrets.INFRACOST_API_KEY }}\n#       infracost-gist-id: ${{ secrets.INFRACOST_GIST_ID }}",
            "file": ".github/workflows/cloudformation-deploy.yaml",
            "id": "0001-storage-cft/.github/workflows/cloudformation-deploy.yaml",
            "overwrite_on_create": true,
            "ref": "main",
            "repository": "0001-storage-cft",
            "sha": "8e16b4fb304c81a2057ccecdc2f0eea7eba84ae0"
          },
          "sensitive_attributes": [],
          "private": "bnVsbA==",
          "dependencies": [
            "module.repositories.github_repository.this"
          ]
        },
        {
          "index_key": "0001-storage-tf",
          "schema_version": 0,
          "attributes": {
            "autocreate_branch": null,
            "autocreate_branch_source_branch": null,
            "autocreate_branch_source_sha": null,
            "branch": "main",
            "commit_author": null,
            "commit_email": null,
            "commit_message": "Add .github/workflows/terraform-apply.yaml",
            "commit_sha": "308a4d5dd8e3581856efc9220a8805f5bdb34a99",
            "content": "name: Terraform Apply\nrun-name: Terraform Apply - ${{ github.ref_name }}\n\non:\n  workflow_dispatch:\n    inputs:\n      environment:\n        description: \"Environment to deploy to (e.g., devl, test, prod)\"\n        required: true\n        type: environment\n        default: devl\n\n\njobs:\n  apply:\n    name: 🚧 Run Terraform Apply\n    uses: subhamay-bhattacharyya-gha/tf-apply-wf/.github/workflows/terraform-apply.yaml@main\n    with:\n      environment: ${{ inputs.environment }}\n      terraform-dir: ${{ inputs.terraform-dir }}\n      tf-vars-file: ${{ inputs.tf-vars-file }}\n      ci-pipeline: false\n    secrets:\n      aws-role-arn: ${{ secrets.AWS_ROLE_ARN }}\n      infracost-api-key: ${{ secrets.INFRACOST_API_KEY }}\n      infracost-gist-id: ${{ secrets.INFRACOST_GIST_ID }}",
            "file": ".github/workflows/terraform-apply.yaml",
            "id": "0001-storage-tf/.github/workflows/terraform-apply.yaml",
            "overwrite_on_create": true,
            "ref": "main",
            "repository": "0001-storage-tf",
            "sha": "518c104b474fcdec78a41077cfade534151c8704"
          },
          "sensitive_attributes": [],
          "private": "bnVsbA==",
          "dependencies": [
            "module.repositories.github_repository.this"
          ]
        },
        {
          "index_key": "0002-storage-cft",
          "schema_version": 0,
          "attributes": {
            "autocreate_branch": null,
            "autocreate_branch_source_branch": null,
            "autocreate_branch_source_sha": null,
            "branch": "main",
            "commit_author": null,
            "commit_email": null,
            "commit_message": "Add .github/workflows/cloudformation-deploy.yaml",
            "commit_sha": "8fc403f3a9d84fcf4ba2594a2dc34fdd6c681c75",
            "content": "name: CloudFormation Deploy\nrun-name: Deploying to ${{ inputs.environment }}\n\non:\n  workflow_dispatch:\n    inputs:\n      environment:\n        description: \"Environment to deploy to (e.g., devl, test, prod)\"\n        required: true\n        type: environment\n        default: devl\n\n\njobs:\n  deploy: \n    name: 🚧 CloudFormation Deploy\n    runs-on: ubuntu-latest \n    steps: \n      - name: hello-world \n        run: echo \"Hello World!\" \n\n\n# jobs:\n#   apply:\n#     name: 🚧 Run Terraform Apply\n#     uses: subhamay-bhattacharyya-gha/tf-apply-wf/.github/workflows/terraform-apply.yaml@main\n#     with:\n#       environment: ${{ inputs.environment }}\n#       terraform-dir: ${{ inputs.terraform-dir }}\n#       tf-vars-file: ${{ inputs.tf-vars-file }}\n#       ci-pipeline: false\n#     secrets:\n#       aws-role-arn: ${{ secrets.AWS_ROLE_ARN }}\n#       infracost-api-key: ${{ secrets.INFRACOST_API_KEY }}\n#       infracost-gist-id: ${{ secrets.INFRACOST_GIST_ID }}",
            "file": ".github/workflows/cloudformation-deploy.yaml",
            "id": "0002-storage-cft/.github/workflows/cloudformation-deploy.yaml",
            "overwrite_on_create": true,
            "ref": "main",
            "repository": "0002-storage-cft",
            "sha": "8e16b4fb304c81a2057ccecdc2f0eea7eba84ae0"
          },
          "sensitive_attributes": [],
          "private": "bnVsbA==",
          "dependencies": [
            "module.repositories.github_repository.this"
          ]
        },
        {
          "index_key": "0002-storage-tf",
          "schema_version": 0,
          "attributes": {
            "autocreate_branch": null,
            "autocreate_branch_source_branch": null,
            "autocreate_branch_source_sha": null,
            "branch": "main",
            "commit_author": null,
            "commit_email": null,
            "commit_message": "Add .github/workflows/terraform-apply.yaml",
            "commit_sha": "3da6085c97c94f57ec6174fbab7c1cb512aeaf06",
            "content": "name: Terraform Apply\nrun-name: Terraform Apply - ${{ github.ref_name }}\n\non:\n  workflow_dispatch:\n    inputs:\n      environment:\n        description: \"Environment to deploy to (e.g., devl, test, prod)\"\n        required: true\n        type: environment\n        default: devl\n\n\njobs:\n  apply:\n    name: 🚧 Run Terraform Apply\n    uses: subhamay-bhattacharyya-gha/tf-apply-wf/.github/workflows/terraform-apply.yaml@main\n    with:\n      environment: ${{ inputs.environment }}\n      terraform-dir: ${{ inputs.terraform-dir }}\n      tf-vars-file: ${{ inputs.tf-vars-file }}\n      ci-pipeline: false\n    secrets:\n      aws-role-arn: ${{ secrets.AWS_ROLE_ARN }}\n      infracost-api-key: ${{ secrets.INFRACOST_API_KEY }}\n      infracost-gist-id: ${{ secrets.INFRACOST_GIST_ID }}",
            "file": ".github/workflows/terraform-apply.yaml",
            "id": "0002-storage-tf/.github/workflows/terraform-apply.yaml",
            "overwrite_on_create": true,
            "ref": "main",
            "repository": "0002-storage-tf",
            "sha": "518c104b474fcdec78a41077cfade534151c8704"
          },
          "sensitive_attributes": [],
          "private": "bnVsbA==",
          "dependencies": [
            "module.repositories.github_repository.this"
          ]
        }
      ]
    },
    {
      "module": "module.repositories",
      "mode": "managed",
      "type": "github_repository_file",
      "name": "destroy-workflow",
      "provider": "module.repositories.provider[\"registry.terraform.io/integrations/github\"]",
      "instances": [
        {
          "index_key": "0001-storage-cft",
          "schema_version": 0,
          "attributes": {
            "autocreate_branch": null,
            "autocreate_branch_source_branch": null,
            "autocreate_branch_source_sha": null,
            "branch": "main",
            "commit_author": null,
            "commit_email": null,
            "commit_message": "Add .github/workflows/cloudformation-delete.yaml",
            "commit_sha": "03306afe524058a0cb44e4030e5cbbabc9445157",
            "content": "name: CloudFormation Delete\nrun-name: Delete - ${{ inputs.environment }}\n\non:\n  workflow_dispatch:\n    inputs:\n      environment:\n        description: \"Environment to deploy to (e.g., devl, test, prod)\"\n        required: true\n        type: environment\n        default: devl\n\n\njobs:\n  delete: \n    name: ✂️ CloudFormation Delete\n    runs-on: ubuntu-latest \n    steps: \n      - name: hello-world \n        run: echo \"Hello World!\" \n\n# jobs:\n#   apply:\n#     name: 🚧 Run Terraform Destroy\n#     uses: subhamay-bhattacharyya-gha/tf-apply-wf/.github/workflows/terraform-destroy.yaml@main\n#     with:\n#       environment: ${{ inputs.environment }}\n#       terraform-dir: ${{ inputs.terraform-dir }}\n#       tf-vars-file: ${{ inputs.tf-vars-file }}\n#       ci-pipeline: false\n#     secrets:\n#       aws-role-arn: ${{ secrets.AWS_ROLE_ARN }}\n#       infracost-api-key: ${{ secrets.INFRACOST_API_KEY }}\n#       infracost-gist-id: ${{ secrets.INFRACOST_GIST_ID }}",
            "file": ".github/workflows/cloudformation-delete.yaml",
            "id": "0001-storage-cft/.github/workflows/cloudformation-delete.yaml",
            "overwrite_on_create": true,
            "ref": "main",
            "repository": "0001-storage-cft",
            "sha": "c9b60635bd04d97b73163816f6a7f3f27bdc4bd4"
          },
          "sensitive_attributes": [],
          "private": "bnVsbA==",
          "dependencies": [
            "module.repositories.github_repository.this"
          ]
        },
        {
          "index_key": "0001-storage-tf",
          "schema_version": 0,
          "attributes": {
            "autocreate_branch": null,
            "autocreate_branch_source_branch": null,
            "autocreate_branch_source_sha": null,
            "branch": "main",
            "commit_author": null,
            "commit_email": null,
            "commit_message": "Add .github/workflows/terraform-destroy.yaml",
            "commit_sha": "049ef3e4c604fd5aa292b879d90931940c6466ad",
            "content": "name: Terraform Destroy\nrun-name: Terraform Destroy - ${{ github.ref_name }}\n\non:\n  workflow_dispatch:\n    inputs:\n      environment:\n        description: \"Environment to deploy to (e.g., devl, test, prod)\"\n        required: true\n        type: environment\n        default: devl\n\n\njobs:\n  apply:\n    name: 🚧 Run Terraform Destroy\n    uses: subhamay-bhattacharyya-gha/tf-apply-wf/.github/workflows/terraform-destroy.yaml@main\n    with:\n      environment: ${{ inputs.environment }}\n      terraform-dir: ${{ inputs.terraform-dir }}\n      tf-vars-file: ${{ inputs.tf-vars-file }}\n      ci-pipeline: false\n    secrets:\n      aws-role-arn: ${{ secrets.AWS_ROLE_ARN }}\n      infracost-api-key: ${{ secrets.INFRACOST_API_KEY }}\n      infracost-gist-id: ${{ secrets.INFRACOST_GIST_ID }}",
            "file": ".github/workflows/terraform-destroy.yaml",
            "id": "0001-storage-tf/.github/workflows/terraform-destroy.yaml",
            "overwrite_on_create": true,
            "ref": "main",
            "repository": "0001-storage-tf",
            "sha": "b4a0f40bcae6341280d2cfaed9526255e54f33d0"
          },
          "sensitive_attributes": [],
          "private": "bnVsbA==",
          "dependencies": [
            "module.repositories.github_repository.this"
          ]
        },
        {
          "index_key": "0002-storage-cft",
          "schema_version": 0,
          "attributes": {
            "autocreate_branch": null,
            "autocreate_branch_source_branch": null,
            "autocreate_branch_source_sha": null,
            "branch": "main",
            "commit_author": null,
            "commit_email": null,
            "commit_message": "Add .github/workflows/cloudformation-delete.yaml",
            "commit_sha": "a689321969a2d65c9192008a34354c6d65d265b3",
            "content": "name: CloudFormation Delete\nrun-name: Delete - ${{ inputs.environment }}\n\non:\n  workflow_dispatch:\n    inputs:\n      environment:\n        description: \"Environment to deploy to (e.g., devl, test, prod)\"\n        required: true\n        type: environment\n        default: devl\n\n\njobs:\n  delete: \n    name: ✂️ CloudFormation Delete\n    runs-on: ubuntu-latest \n    steps: \n      - name: hello-world \n        run: echo \"Hello World!\" \n\n# jobs:\n#   apply:\n#     name: 🚧 Run Terraform Destroy\n#     uses: subhamay-bhattacharyya-gha/tf-apply-wf/.github/workflows/terraform-destroy.yaml@main\n#     with:\n#       environment: ${{ inputs.environment }}\n#       terraform-dir: ${{ inputs.terraform-dir }}\n#       tf-vars-file: ${{ inputs.tf-vars-file }}\n#       ci-pipeline: false\n#     secrets:\n#       aws-role-arn: ${{ secrets.AWS_ROLE_ARN }}\n#       infracost-api-key: ${{ secrets.INFRACOST_API_KEY }}\n#       infracost-gist-id: ${{ secrets.INFRACOST_GIST_ID }}",
            "file": ".github/workflows/cloudformation-delete.yaml",
            "id": "0002-storage-cft/.github/workflows/cloudformation-delete.yaml",
            "overwrite_on_create": true,
            "ref": "main",
            "repository": "0002-storage-cft",
            "sha": "c9b60635bd04d97b73163816f6a7f3f27bdc4bd4"
          },
          "sensitive_attributes": [],
          "private": "bnVsbA==",
          "dependencies": [
            "module.repositories.github_repository.this"
          ]
        },
        {
          "index_key": "0002-storage-tf",
          "schema_version": 0,
          "attributes": {
            "autocreate_branch": null,
            "autocreate_branch_source_branch": null,
            "autocreate_branch_source_sha": null,
            "branch": "main",
            "commit_author": null,
            "commit_email": null,
            "commit_message": "Add .github/workflows/terraform-destroy.yaml",
            "commit_sha": "eb577413d0cd26152e2bb353661cb7a50bf6b228",
            "content": "name: Terraform Destroy\nrun-name: Terraform Destroy - ${{ github.ref_name }}\n\non:\n  workflow_dispatch:\n    inputs:\n      environment:\n        description: \"Environment to deploy to (e.g., devl, test, prod)\"\n        required: true\n        type: environment\n        default: devl\n\n\njobs:\n  apply:\n    name: 🚧 Run Terraform Destroy\n    uses: subhamay-bhattacharyya-gha/tf-apply-wf/.github/workflows/terraform-destroy.yaml@main\n    with:\n      environment: ${{ inputs.environment }}\n      terraform-dir: ${{ inputs.terraform-dir }}\n      tf-vars-file: ${{ inputs.tf-vars-file }}\n      ci-pipeline: false\n    secrets:\n      aws-role-arn: ${{ secrets.AWS_ROLE_ARN }}\n      infracost-api-key: ${{ secrets.INFRACOST_API_KEY }}\n      infracost-gist-id: ${{ secrets.INFRACOST_GIST_ID }}",
            "file": ".github/workflows/terraform-destroy.yaml",
            "id": "0002-storage-tf/.github/workflows/terraform-destroy.yaml",
            "overwrite_on_create": true,
            "ref": "main",
            "repository": "0002-storage-tf",
            "sha": "b4a0f40bcae6341280d2cfaed9526255e54f33d0"
          },
          "sensitive_attributes": [],
          "private": "bnVsbA==",
          "dependencies": [
            "module.repositories.github_repository.this"
          ]
        }
      ]
    },
    {
      "module": "module.repositories",
      "mode": "managed",
      "type": "github_repository_file",
      "name": "package",
      "provider": "module.repositories.provider[\"registry.terraform.io/integrations/github\"]",
      "instances": [
        {
          "index_key": "0001-storage-cft",
          "schema_version": 0,
          "attributes": {
            "autocreate_branch": null,
            "autocreate_branch_source_branch": null,
            "autocreate_branch_source_sha": null,
            "branch": "main",
            "commit_author": null,
            "commit_email": null,
            "commit_message": "Add package.json",
            "commit_sha": "e861088dcd7bafca6b698cab932bbfcfdd60a518",
            "content": "{\n  \"name\": \"0001-storage-cft\",\n  \"version\": \"0.0.1\",\n  \"description\": \"S3 Security Best Practices.\",\n  \"license\": \"MIT\",\n  \"main\": \"index.js\",\n  \"directories\": {\n    \"example\": \"examples\"\n  },\n  \"repository\": {\n    \"type\": \"git\",\n    \"url\": \"https://github.com/subhamay-bhattacharyya/0001-storage-cft.git\"\n  },\n  \"keywords\": [\n    \"cloudformation\",\n    \"aws\",\n    \"infrastructure-as-code\",\n    \"iac\"\n  ],\n  \"author\": \"Subhamay Bhattacharyya\",\n  \"bugs\": {\n    \"url\": \"https://github.com/subhamay-bhattacharyya/0001-storage-cft/issues\"\n  },\n  \"homepage\": \"https://github.com/subhamay-bhattacharyya/0001-storage-cft#readme\"\n}",
            "file": "package.json",
            "id": "0001-storage-cft/package.json",
            "overwrite_on_create": true,
            "ref": "main",
            "repository": "0001-storage-cft",
            "sha": "4fa540f30f1e4fc9faf68634053f53f3f9e1afdf"
          },
          "sensitive_attributes": [],
          "private": "bnVsbA==",
          "dependencies": [
            "module.repositories.github_repository.this"
          ]
        },
        {
          "index_key": "0001-storage-tf",
          "schema_version": 0,
          "attributes": {
            "autocreate_branch": null,
            "autocreate_branch_source_branch": null,
            "autocreate_branch_source_sha": null,
            "branch": "main",
            "commit_author": null,
            "commit_email": null,
            "commit_message": "Add package.json",
            "commit_sha": "f05faef053306c7640e6c35ab5d17d5432f87a14",
            "content": "{\n  \"name\": \"0001-storage-tf\",\n  \"version\": \"0.0.1\",\n  \"description\": \"S3 Security Best Practices.\",\n  \"license\": \"MIT\",\n  \"main\": \"index.js\",\n  \"directories\": {\n    \"example\": \"examples\"\n  },\n  \"repository\": {\n    \"type\": \"git\",\n    \"url\": \"https://github.com/subhamay-bhattacharyya/0001-storage-tf.git\"\n  },\n  \"keywords\": [\n    \"cloudformation\",\n    \"aws\",\n    \"infrastructure-as-code\",\n    \"iac\"\n  ],\n  \"author\": \"Subhamay Bhattacharyya\",\n  \"bugs\": {\n    \"url\": \"https://github.com/subhamay-bhattacharyya/0001-storage-tf/issues\"\n  },\n  \"homepage\": \"https://github.com/subhamay-bhattacharyya/0001-storage-tf#readme\"\n}",
            "file": "package.json",
            "id": "0001-storage-tf/package.json",
            "overwrite_on_create": true,
            "ref": "main",
            "repository": "0001-storage-tf",
            "sha": "0c951aa5b9e8762cefe4248d2651609a32aacd43"
          },
          "sensitive_attributes": [],
          "private": "bnVsbA==",
          "dependencies": [
            "module.repositories.github_repository.this"
          ]
        },
        {
          "index_key": "0002-storage-cft",
          "schema_version": 0,
          "attributes": {
            "autocreate_branch": null,
            "autocreate_branch_source_branch": null,
            "autocreate_branch_source_sha": null,
            "branch": "main",
            "commit_author": null,
            "commit_email": null,
            "commit_message": "Add package.json",
            "commit_sha": "03e52a6f1ef0442fd12594f4541a2e9656272171",
            "content": "{\n  \"name\": \"0002-storage-cft\",\n  \"version\": \"0.0.1\",\n  \"description\": \"S3 Storage Performance.\",\n  \"license\": \"MIT\",\n  \"main\": \"index.js\",\n  \"directories\": {\n    \"example\": \"examples\"\n  },\n  \"repository\": {\n    \"type\": \"git\",\n    \"url\": \"https://github.com/subhamay-bhattacharyya/0002-storage-cft.git\"\n  },\n  \"keywords\": [\n    \"cloudformation\",\n    \"aws\",\n    \"infrastructure-as-code\",\n    \"iac\"\n  ],\n  \"author\": \"Subhamay Bhattacharyya\",\n  \"bugs\": {\n    \"url\": \"https://github.com/subhamay-bhattacharyya/0002-storage-cft/issues\"\n  },\n  \"homepage\": \"https://github.com/subhamay-bhattacharyya/0002-storage-cft#readme\"\n}",
            "file": "package.json",
            "id": "0002-storage-cft/package.json",
            "overwrite_on_create": true,
            "ref": "main",
            "repository": "0002-storage-cft",
            "sha": "e208159d75f2d192bd70224dbae2e72bde363fd2"
          },
          "sensitive_attributes": [],
          "private": "bnVsbA==",
          "dependencies": [
            "module.repositories.github_repository.this"
          ]
        },
        {
          "index_key": "0002-storage-tf",
          "schema_version": 0,
          "attributes": {
            "autocreate_branch": null,
            "autocreate_branch_source_branch": null,
            "autocreate_branch_source_sha": null,
            "branch": "main",
            "commit_author": null,
            "commit_email": null,
            "commit_message": "Add package.json",
            "commit_sha": "27532ea893151cdc906d4d11d1b33bc3a3fae796",
            "content": "{\n  \"name\": \"0002-storage-tf\",\n  \"version\": \"0.0.1\",\n  \"description\": \"S3 Storage Performance.\",\n  \"license\": \"MIT\",\n  \"main\": \"index.js\",\n  \"directories\": {\n    \"example\": \"examples\"\n  },\n  \"repository\": {\n    \"type\": \"git\",\n    \"url\": \"https://github.com/subhamay-bhattacharyya/0002-storage-tf.git\"\n  },\n  \"keywords\": [\n    \"cloudformation\",\n    \"aws\",\n    \"infrastructure-as-code\",\n    \"iac\"\n  ],\n  \"author\": \"Subhamay Bhattacharyya\",\n  \"bugs\": {\n    \"url\": \"https://github.com/subhamay-bhattacharyya/0002-storage-tf/issues\"\n  },\n  \"homepage\": \"https://github.com/subhamay-bhattacharyya/0002-storage-tf#readme\"\n}",
            "file": "package.json",
            "id": "0002-storage-tf/package.json",
            "overwrite_on_create": true,
            "ref": "main",
            "repository": "0002-storage-tf",
            "sha": "32add52d3e09c26155c389b625a6f8a4a37cf285"
          },
          "sensitive_attributes": [],
          "private": "bnVsbA==",
          "dependencies": [
            "module.repositories.github_repository.this"
          ]
        }
      ]
    },
    {
      "module": "module.repositories",
      "mode": "managed",
      "type": "github_repository_file",
      "name": "readme",
      "provider": "module.repositories.provider[\"registry.terraform.io/integrations/github\"]",
      "instances": [
        {
          "index_key": "0001-storage-cft",
          "schema_version": 0,
          "attributes": {
            "autocreate_branch": null,
            "autocreate_branch_source_branch": null,
            "autocreate_branch_source_sha": null,
            "branch": "main",
            "commit_author": null,
            "commit_email": null,
            "commit_message": "Add README.md",
            "commit_sha": "b4dfdab23f03e7ca1f552a6418452b3cdbbc6095",
            "content": "# AWS Storage Immersion Day\n\n![GitHub Action](https://img.shields.io/badge/GitHub-Action-blue?logo=github)\u0026nbsp;![Release](https://github.com/subhamay-bhattacharyya/0001-storage-cft/actions/workflows/release.yaml/badge.svg)\u0026nbsp;![Commit Activity](https://img.shields.io/github/commit-activity/t/subhamay-bhattacharyya/0001-storage-cft)\u0026nbsp;![CloudFormation](https://img.shields.io/badge/AWS-CloudFormation-orange?logo=amazonaws)\u0026nbsp;![Last Commit](https://img.shields.io/github/last-commit/subhamay-bhattacharyya/0001-storage-cft)\u0026nbsp;![Release Date](https://img.shields.io/github/release-date/subhamay-bhattacharyya/0001-storage-cft)\u0026nbsp;![Repo Size](https://img.shields.io/github/repo-size/subhamay-bhattacharyya/0001-storage-cft)\u0026nbsp;![File Count](https://img.shields.io/github/directory-file-count/subhamay-bhattacharyya/0001-storage-cft)\u0026nbsp;![Issues](https://img.shields.io/github/issues/subhamay-bhattacharyya/0001-storage-cft)\u0026nbsp;![Top Language](https://img.shields.io/github/languages/top/subhamay-bhattacharyya/0001-storage-cft)\u0026nbsp;![Custom Endpoint](https://img.shields.io/endpoint?url=https://gist.githubusercontent.com/bsubhamay/3fb4e0a61137736343b3002809b1ad20/raw/0001-storage-cft.json?)\n\n\nA GitHub Action for deleting AWS CloudFormation stacks with real-time logging and comprehensive error handling.\n\n## Overview\n\nThis GitHub Action provides a reusable composite workflow that deletes AWS CloudFormation stacks while displaying real-time progress logs in the console. It handles various stack states gracefully and provides detailed feedback throughout the deletion process.\n\n## Features\n\n- ✅ **Real-time Logging**: Monitor CloudFormation events as they happen\n\n---\n\n## Architecture Diagram\n\n\n---\n\n## License\n\nMIT License - see the [LICENSE](LICENSE) file for details.\n\n---\n\n## Support\n\n- 📖 [Documentation](https://github.com/subhamay-bhattacharyya/0001-storage-cft/wiki)\n- 🐛 [Report Issues](https://github.com/subhamay-bhattacharyya/0001-storage-cft/issues)\n- 💬 [Discussions](https://github.com/subhamay-bhattacharyya/0001-storage-cft/discussions)\n- 📧 [Contact](mailto:support@subhamay.aws@gmail.com)",
            "file": "README.md",
            "id": "0001-storage-cft/README.md",
            "overwrite_on_create": true,
            "ref": "main",
            "repository": "0001-storage-cft",
            "sha": "a056cedcaacd0f5795c9c9831da8420bd20329b7"
          },
          "sensitive_attributes": [],
          "private": "bnVsbA==",
          "dependencies": [
            "module.repositories.github_repository.this"
          ]
        },
        {
          "index_key": "0001-storage-tf",
          "schema_version": 0,
          "attributes": {
            "autocreate_branch": null,
            "autocreate_branch_source_branch": null,
            "autocreate_branch_source_sha": null,
            "branch": "main",
            "commit_author": null,
            "commit_email": null,
            "commit_message": "Add README.md",
            "commit_sha": "34325e59ba1af86e2ae84ce1e32598cd262408e2",
            "content": "# AWS Storage Immersion Day\n\n![GitHub Action](https://img.shields.io/badge/GitHub-Action-blue?logo=github)\u0026nbsp;![Release](https://github.com/subhamay-bhattacharyya/0001-storage-tf/actions/workflows/release.yaml/badge.svg)\u0026nbsp;![Commit Activity](https://img.shields.io/github/commit-activity/t/subhamay-bhattacharyya/0001-storage-tf)\u0026nbsp;![Terraform](https://img.shields.io/badge/AWS-Terraform-orange?logo=amazonaws)\u0026nbsp;![Last Commit](https://img.shields.io/github/last-commit/subhamay-bhattacharyya/0001-storage-tf)\u0026nbsp;![Release Date](https://img.shields.io/github/release-date/subhamay-bhattacharyya/0001-storage-tf)\u0026nbsp;![Repo Size](https://img.shields.io/github/repo-size/subhamay-bhattacharyya/0001-storage-tf)\u0026nbsp;![File Count](https://img.shields.io/github/directory-file-count/subhamay-bhattacharyya/0001-storage-tf)\u0026nbsp;![Issues](https://img.shields.io/github/issues/subhamay-bhattacharyya/0001-storage-tf)\u0026nbsp;![Top Language](https://img.shields.io/github/languages/top/subhamay-bhattacharyya/0001-storage-tf)\u0026nbsp;![Custom Endpoint](https://img.shields.io/endpoint?url=https://gist.githubusercontent.com/bsubhamay/9daca5ee825116fb6f3a58fc00e8c7a7/raw/0001-storage-tf.json?)\n\n\nA GitHub Action for deleting AWS CloudFormation stacks with real-time logging and comprehensive error handling.\n\n## Overview\n\nThis GitHub Action provides a reusable composite workflow that deletes AWS CloudFormation stacks while displaying real-time progress logs in the console. It handles various stack states gracefully and provides detailed feedback throughout the deletion process.\n\n## Features\n\n- ✅ **Real-time Logging**: Monitor CloudFormation events as they happen\n\n---\n\n## Architecture Diagram\n\n\n---\n\n## License\n\nMIT License - see the [LICENSE](LICENSE) file for details.\n\n---\n\n## Support\n\n- 📖 [Documentation](https://github.com/subhamay-bhattacharyya/0001-storage-tf/wiki)\n- 🐛 [Report Issues](https://github.com/subhamay-bhattacharyya/0001-storage-tf/issues)\n- 💬 [Discussions](https://github.com/subhamay-bhattacharyya/0001-storage-tf/discussions)\n- 📧 [Contact](mailto:support@subhamay.aws@gmail.com)",
            "file": "README.md",
            "id": "0001-storage-tf/README.md",
            "overwrite_on_create": true,
            "ref": "main",
            "repository": "0001-storage-tf",
            "sha": "15a778739f77063d170ec254fa1136374b8e3546"
          },
          "sensitive_attributes": [],
          "private": "bnVsbA==",
          "dependencies": [
            "module.repositories.github_repository.this"
          ]
        },
        {
          "index_key": "0002-storage-cft",
          "schema_version": 0,
          "attributes": {
            "autocreate_branch": null,
            "autocreate_branch_source_branch": null,
            "autocreate_branch_source_sha": null,
            "branch": "main",
            "commit_author": null,
            "commit_email": null,
            "commit_message": "Add README.md",
            "commit_sha": "1090ffc7718f994b8cb8519105d66fafc0221302",
            "content": "# AWS Storage Immersion Day\n\n![GitHub Action](https://img.shields.io/badge/GitHub-Action-blue?logo=github)\u0026nbsp;![Release](https://github.com/subhamay-bhattacharyya/0002-storage-cft/actions/workflows/release.yaml/badge.svg)\u0026nbsp;![Commit Activity](https://img.shields.io/github/commit-activity/t/subhamay-bhattacharyya/0002-storage-cft)\u0026nbsp;![CloudFormation](https://img.shields.io/badge/AWS-CloudFormation-orange?logo=amazonaws)\u0026nbsp;![Last Commit](https://img.shields.io/github/last-commit/subhamay-bhattacharyya/0002-storage-cft)\u0026nbsp;![Release Date](https://img.shields.io/github/release-date/subhamay-bhattacharyya/0002-storage-cft)\u0026nbsp;![Repo Size](https://img.shields.io/github/repo-size/subhamay-bhattacharyya/0002-storage-cft)\u0026nbsp;![File Count](https://img.shields.io/github/directory-file-count/subhamay-bhattacharyya/0002-storage-cft)\u0026nbsp;![Issues](https://img.shields.io/github/issues/subhamay-bhattacharyya/0002-storage-cft)\u0026nbsp;![Top Language](https://img.shields.io/github/languages/top/subhamay-bhattacharyya/0002-storage-cft)\u0026nbsp;![Custom Endpoint](https://img.shields.io/endpoint?url=https://gist.githubusercontent.com/bsubhamay/060b1904142f72680629869dec80242d/raw/0002-storage-cft.json?)\n\n\nA GitHub Action for deleting AWS CloudFormation stacks with real-time logging and comprehensive error handling.\n\n## Overview\n\nThis GitHub Action provides a reusable composite workflow that deletes AWS CloudFormation stacks while displaying real-time progress logs in the console. It handles various stack states gracefully and provides detailed feedback throughout the deletion process.\n\n## Features\n\n- ✅ **Real-time Logging**: Monitor CloudFormation events as they happen\n\n---\n\n## Architecture Diagram\n\n\n---\n\n## License\n\nMIT License - see the [LICENSE](LICENSE) file for details.\n\n---\n\n## Support\n\n- 📖 [Documentation](https://github.com/subhamay-bhattacharyya/0002-storage-cft/wiki)\n- 🐛 [Report Issues](https://github.com/subhamay-bhattacharyya/0002-storage-cft/issues)\n- 💬 [Discussions](https://github.com/subhamay-bhattacharyya/0002-storage-cft/discussions)\n- 📧 [Contact](mailto:support@subhamay.aws@gmail.com)",
            "file": "README.md",
            "id": "0002-storage-cft/README.md",
            "overwrite_on_create": true,
            "ref": "main",
            "repository": "0002-storage-cft",
            "sha": "7a6238591713d4859fdaf53701af99233d28c92e"
          },
          "sensitive_attributes": [],
          "private": "bnVsbA==",
          "dependencies": [
            "module.repositories.github_repository.this"
          ]
        },
        {
          "index_key": "0002-storage-tf",
          "schema_version": 0,
          "attributes": {
            "autocreate_branch": null,
            "autocreate_branch_source_branch": null,
            "autocreate_branch_source_sha": null,
            "branch": "main",
            "commit_author": null,
            "commit_email": null,
            "commit_message": "Add README.md",
            "commit_sha": "067481286220f63a64c44252c262aad67a6e00c9",
            "content": "# AWS Storage Immersion Day\n\n![GitHub Action](https://img.shields.io/badge/GitHub-Action-blue?logo=github)\u0026nbsp;![Release](https://github.com/subhamay-bhattacharyya/0002-storage-tf/actions/workflows/release.yaml/badge.svg)\u0026nbsp;![Commit Activity](https://img.shields.io/github/commit-activity/t/subhamay-bhattacharyya/0002-storage-tf)\u0026nbsp;![Terraform](https://img.shields.io/badge/AWS-Terraform-orange?logo=amazonaws)\u0026nbsp;![Last Commit](https://img.shields.io/github/last-commit/subhamay-bhattacharyya/0002-storage-tf)\u0026nbsp;![Release Date](https://img.shields.io/github/release-date/subhamay-bhattacharyya/0002-storage-tf)\u0026nbsp;![Repo Size](https://img.shields.io/github/repo-size/subhamay-bhattacharyya/0002-storage-tf)\u0026nbsp;![File Count](https://img.shields.io/github/directory-file-count/subhamay-bhattacharyya/0002-storage-tf)\u0026nbsp;![Issues](https://img.shields.io/github/issues/subhamay-bhattacharyya/0002-storage-tf)\u0026nbsp;![Top Language](https://img.shields.io/github/languages/top/subhamay-bhattacharyya/0002-storage-tf)\u0026nbsp;![Custom Endpoint](https://img.shields.io/endpoint?url=https://gist.githubusercontent.com/bsubhamay/c0c2c4f55f1eb6dd657eadbf4c814b51/raw/0002-storage-tf.json?)\n\n\nA GitHub Action for deleting AWS CloudFormation stacks with real-time logging and comprehensive error handling.\n\n## Overview\n\nThis GitHub Action provides a reusable composite workflow that deletes AWS CloudFormation stacks while displaying real-time progress logs in the console. It handles various stack states gracefully and provides detailed feedback throughout the deletion process.\n\n## Features\n\n- ✅ **Real-time Logging**: Monitor CloudFormation events as they happen\n\n---\n\n## Architecture Diagram\n\n\n---\n\n## License\n\nMIT License - see the [LICENSE](LICENSE) file for details.\n\n---\n\n## Support\n\n- 📖 [Documentation](https://github.com/subhamay-bhattacharyya/0002-storage-tf/wiki)\n- 🐛 [Report Issues](https://github.com/subhamay-bhattacharyya/0002-storage-tf/issues)\n- 💬 [Discussions](https://github.com/subhamay-bhattacharyya/0002-storage-tf/discussions)\n- 📧 [Contact](mailto:support@subhamay.aws@gmail.com)",
            "file": "README.md",
            "id": "0002-storage-tf/README.md",
            "overwrite_on_create": true,
            "ref": "main",
            "repository": "0002-storage-tf",
            "sha": "165cfe9dacb4a8f16329e7c3319f410312c58740"
          },
          "sensitive_attributes": [],
          "private": "bnVsbA==",
          "dependencies": [
            "module.repositories.github_repository.this"
          ]
        }
      ]
    },
    {
      "module": "module.repositories",
      "mode": "managed",
      "type": "github_repository_file",
      "name": "setup-environment-workflow",
      "provider": "module.repositories.provider[\"registry.terraform.io/integrations/github\"]",
      "instances": [
        {
          "index_key": "0001-storage-cft",
          "schema_version": 0,
          "attributes": {
            "autocreate_branch": null,
            "autocreate_branch_source_branch": null,
            "autocreate_branch_source_sha": null,
            "branch": "main",
            "commit_author": null,
            "commit_email": null,
            "commit_message": "Add .github/workflows/setup-environments.yaml",
            "commit_sha": "e18553b88338493b38298674404d41adbd3cecff",
            "content": "name: Setup Environments\nrun-name: Setup Environments in ${{ github.ref_name }} by ${{ github.actor }}\n\non:\n  workflow_dispatch:\n    inputs:\n      ci-environment:\n        description: \"AWS Account Name for CI Environment.\"\n        required: true\n        default: \"devl-ou-a\"\n      devl-environment:\n        description: \"AWS Account Name for Development Environment.\"\n        required: true\n        default: \"devl-ou-a\"\n      test-environment:\n        description: \"AWS Account Name for Test Environment.\"\n        required: true\n        default: \"test-ou-a\"\n      prod-environment:\n        description: \"AWS Account Name for Production Environment.\"\n        required: true\n        default: \"prod-ou-a\"\n      aws-region:\n        description: \"AWS region where the services will be deployed.\"\n        required: true\n        default: \"us-east-1\"\n\njobs:\n  setup:\n    name: Setup\n    uses: subhamay-bhattacharyya-gha/setup-aws-environments-wf/.github/workflows/setup-environments.yaml@main\n    with:\n      ci-environment: ${{ github.event.inputs.ci-environment }}\n      devl-environment: ${{ github.event.inputs.devl-environment }}\n      test-environment: ${{ github.event.inputs.test-environment }}\n      prod-environment: ${{ github.event.inputs.prod-environment }}\n      aws-region: ${{ github.event.inputs.aws-region }}\n    secrets:\n      GH_PAT: ${{ secrets.GH_PAT }}",
            "file": ".github/workflows/setup-environments.yaml",
            "id": "0001-storage-cft/.github/workflows/setup-environments.yaml",
            "overwrite_on_create": true,
            "ref": "main",
            "repository": "0001-storage-cft",
            "sha": "5776b9766eab94510975101000a9ae3b27dcc3c1"
          },
          "sensitive_attributes": [],
          "private": "bnVsbA==",
          "dependencies": [
            "module.repositories.github_repository.this"
          ]
        },
        {
          "index_key": "0001-storage-tf",
          "schema_version": 0,
          "attributes": {
            "autocreate_branch": null,
            "autocreate_branch_source_branch": null,
            "autocreate_branch_source_sha": null,
            "branch": "main",
            "commit_author": null,
            "commit_email": null,
            "commit_message": "Add .github/workflows/setup-environments.yaml",
            "commit_sha": "efe280c0c11af95bb0acf7440ad0ec43c3a859f7",
            "content": "name: Setup Environments\nrun-name: Setup Environments in ${{ github.ref_name }} by ${{ github.actor }}\n\non:\n  workflow_dispatch:\n    inputs:\n      ci-environment:\n        description: \"AWS Account Name for CI Environment.\"\n        required: true\n        default: \"devl-ou-a\"\n      devl-environment:\n        description: \"AWS Account Name for Development Environment.\"\n        required: true\n        default: \"devl-ou-a\"\n      test-environment:\n        description: \"AWS Account Name for Test Environment.\"\n        required: true\n        default: \"test-ou-a\"\n      prod-environment:\n        description: \"AWS Account Name for Production Environment.\"\n        required: true\n        default: \"prod-ou-a\"\n      aws-region:\n        description: \"AWS region where the services will be deployed.\"\n        required: true\n        default: \"us-east-1\"\n\njobs:\n  setup:\n    name: Setup\n    uses: subhamay-bhattacharyya-gha/setup-aws-environments-wf/.github/workflows/setup-environments.yaml@main\n    with:\n      ci-environment: ${{ github.event.inputs.ci-environment }}\n      devl-environment: ${{ github.event.inputs.devl-environment }}\n      test-environment: ${{ github.event.inputs.test-environment }}\n      prod-environment: ${{ github.event.inputs.prod-environment }}\n      aws-region: ${{ github.event.inputs.aws-region }}\n    secrets:\n      GH_PAT: ${{ secrets.GH_PAT }}",
            "file": ".github/workflows/setup-environments.yaml",
            "id": "0001-storage-tf/.github/workflows/setup-environments.yaml",
            "overwrite_on_create": true,
            "ref": "main",
            "repository": "0001-storage-tf",
            "sha": "5776b9766eab94510975101000a9ae3b27dcc3c1"
          },
          "sensitive_attributes": [],
          "private": "bnVsbA==",
          "dependencies": [
            "module.repositories.github_repository.this"
          ]
        },
        {
          "index_key": "0002-storage-cft",
          "schema_version": 0,
          "attributes": {
            "autocreate_branch": null,
            "autocreate_branch_source_branch": null,
            "autocreate_branch_source_sha": null,
            "branch": "main",
            "commit_author": null,
            "commit_email": null,
            "commit_message": "Add .github/workflows/setup-environments.yaml",
            "commit_sha": "eb9533c8c31d0ea3dba23cfd615b9d7a81e4e3bc",
            "content": "name: Setup Environments\nrun-name: Setup Environments in ${{ github.ref_name }} by ${{ github.actor }}\n\non:\n  workflow_dispatch:\n    inputs:\n      ci-environment:\n        description: \"AWS Account Name for CI Environment.\"\n        required: true\n        default: \"devl-ou-a\"\n      devl-environment:\n        description: \"AWS Account Name for Development Environment.\"\n        required: true\n        default: \"devl-ou-a\"\n      test-environment:\n        description: \"AWS Account Name for Test Environment.\"\n        required: true\n        default: \"test-ou-a\"\n      prod-environment:\n        description: \"AWS Account Name for Production Environment.\"\n        required: true\n        default: \"prod-ou-a\"\n      aws-region:\n        description: \"AWS region where the services will be deployed.\"\n        required: true\n        default: \"us-east-1\"\n\njobs:\n  setup:\n    name: Setup\n    uses: subhamay-bhattacharyya-gha/setup-aws-environments-wf/.github/workflows/setup-environments.yaml@main\n    with:\n      ci-environment: ${{ github.event.inputs.ci-environment }}\n      devl-environment: ${{ github.event.inputs.devl-environment }}\n      test-environment: ${{ github.event.inputs.test-environment }}\n      prod-environment: ${{ github.event.inputs.prod-environment }}\n      aws-region: ${{ github.event.inputs.aws-region }}\n    secrets:\n      GH_PAT: ${{ secrets.GH_PAT }}",
            "file": ".github/workflows/setup-environments.yaml",
            "id": "0002-storage-cft/.github/workflows/setup-environments.yaml",
            "overwrite_on_create": true,
            "ref": "main",
            "repository": "0002-storage-cft",
            "sha": "5776b9766eab94510975101000a9ae3b27dcc3c1"
          },
          "sensitive_attributes": [],
          "private": "bnVsbA==",
          "dependencies": [
            "module.repositories.github_repository.this"
          ]
        },
        {
          "index_key": "0002-storage-tf",
          "schema_version": 0,
          "attributes": {
            "autocreate_branch": null,
            "autocreate_branch_source_branch": null,
            "autocreate_branch_source_sha": null,
            "branch": "main",
            "commit_author": null,
            "commit_email": null,
            "commit_message": "Add .github/workflows/setup-environments.yaml",
            "commit_sha": "3da62531893a94c016ee1678a402968f14518d37",
            "content": "name: Setup Environments\nrun-name: Setup Environments in ${{ github.ref_name }} by ${{ github.actor }}\n\non:\n  workflow_dispatch:\n    inputs:\n      ci-environment:\n        description: \"AWS Account Name for CI Environment.\"\n        required: true\n        default: \"devl-ou-a\"\n      devl-environment:\n        description: \"AWS Account Name for Development Environment.\"\n        required: true\n        default: \"devl-ou-a\"\n      test-environment:\n        description: \"AWS Account Name for Test Environment.\"\n        required: true\n        default: \"test-ou-a\"\n      prod-environment:\n        description: \"AWS Account Name for Production Environment.\"\n        required: true\n        default: \"prod-ou-a\"\n      aws-region:\n        description: \"AWS region where the services will be deployed.\"\n        required: true\n        default: \"us-east-1\"\n\njobs:\n  setup:\n    name: Setup\n    uses: subhamay-bhattacharyya-gha/setup-aws-environments-wf/.github/workflows/setup-environments.yaml@main\n    with:\n      ci-environment: ${{ github.event.inputs.ci-environment }}\n      devl-environment: ${{ github.event.inputs.devl-environment }}\n      test-environment: ${{ github.event.inputs.test-environment }}\n      prod-environment: ${{ github.event.inputs.prod-environment }}\n      aws-region: ${{ github.event.inputs.aws-region }}\n    secrets:\n      GH_PAT: ${{ secrets.GH_PAT }}",
            "file": ".github/workflows/setup-environments.yaml",
            "id": "0002-storage-tf/.github/workflows/setup-environments.yaml",
            "overwrite_on_create": true,
            "ref": "main",
            "repository": "0002-storage-tf",
            "sha": "5776b9766eab94510975101000a9ae3b27dcc3c1"
          },
          "sensitive_attributes": [],
          "private": "bnVsbA==",
          "dependencies": [
            "module.repositories.github_repository.this"
          ]
        }
      ]
    },
    {
      "module": "module.repositories",
      "mode": "managed",
      "type": "github_repository_file",
      "name": "slack-notification-workflow",
      "provider": "module.repositories.provider[\"registry.terraform.io/integrations/github\"]",
      "instances": [
        {
          "index_key": "0001-storage-cft",
          "schema_version": 0,
          "attributes": {
            "autocreate_branch": null,
            "autocreate_branch_source_branch": null,
            "autocreate_branch_source_sha": null,
            "branch": "main",
            "commit_author": null,
            "commit_email": null,
            "commit_message": "Add .github/workflows/notify.yaml",
            "commit_sha": "a90f1338e69c767de4823e2eef272be41b162cdf",
            "content": "name: Trigger Slack Notification\nrun-name: Trigger Slack Notification run by ${{ github.actor }} on ${{ github.ref_name }}\n\non:\n  pull_request:\n    types: [opened]\n  issues:\n    types: [opened]\n\njobs:\n  notify:\n    uses: subhamay-bhattacharyya-gha/slack-notification-wf/.github/workflows/slack-notify.yaml@main\n    secrets:\n      slack-webhook: ${{ secrets.SLACK_WEBHOOK_URL }}",
            "file": ".github/workflows/notify.yaml",
            "id": "0001-storage-cft/.github/workflows/notify.yaml",
            "overwrite_on_create": true,
            "ref": "main",
            "repository": "0001-storage-cft",
            "sha": "533965bfd73c5397c2d8189c6bd7ca09687f8bce"
          },
          "sensitive_attributes": [],
          "private": "bnVsbA==",
          "dependencies": [
            "module.repositories.github_repository.this"
          ]
        },
        {
          "index_key": "0001-storage-tf",
          "schema_version": 0,
          "attributes": {
            "autocreate_branch": null,
            "autocreate_branch_source_branch": null,
            "autocreate_branch_source_sha": null,
            "branch": "main",
            "commit_author": null,
            "commit_email": null,
            "commit_message": "Add .github/workflows/notify.yaml",
            "commit_sha": "89713faf1baa58d8e1503ef076b45e545769d666",
            "content": "name: Trigger Slack Notification\nrun-name: Trigger Slack Notification run by ${{ github.actor }} on ${{ github.ref_name }}\n\non:\n  pull_request:\n    types: [opened]\n  issues:\n    types: [opened]\n\njobs:\n  notify:\n    uses: subhamay-bhattacharyya-gha/slack-notification-wf/.github/workflows/slack-notify.yaml@main\n    secrets:\n      slack-webhook: ${{ secrets.SLACK_WEBHOOK_URL }}",
            "file": ".github/workflows/notify.yaml",
            "id": "0001-storage-tf/.github/workflows/notify.yaml",
            "overwrite_on_create": true,
            "ref": "main",
            "repository": "0001-storage-tf",
            "sha": "533965bfd73c5397c2d8189c6bd7ca09687f8bce"
          },
          "sensitive_attributes": [],
          "private": "bnVsbA==",
          "dependencies": [
            "module.repositories.github_repository.this"
          ]
        },
        {
          "index_key": "0002-storage-cft",
          "schema_version": 0,
          "attributes": {
            "autocreate_branch": null,
            "autocreate_branch_source_branch": null,
            "autocreate_branch_source_sha": null,
            "branch": "main",
            "commit_author": null,
            "commit_email": null,
            "commit_message": "Add .github/workflows/notify.yaml",
            "commit_sha": "e60561edad668cd62fd04dbab1905b1c2e5d083a",
            "content": "name: Trigger Slack Notification\nrun-name: Trigger Slack Notification run by ${{ github.actor }} on ${{ github.ref_name }}\n\non:\n  pull_request:\n    types: [opened]\n  issues:\n    types: [opened]\n\njobs:\n  notify:\n    uses: subhamay-bhattacharyya-gha/slack-notification-wf/.github/workflows/slack-notify.yaml@main\n    secrets:\n      slack-webhook: ${{ secrets.SLACK_WEBHOOK_URL }}",
            "file": ".github/workflows/notify.yaml",
            "id": "0002-storage-cft/.github/workflows/notify.yaml",
            "overwrite_on_create": true,
            "ref": "main",
            "repository": "0002-storage-cft",
            "sha": "533965bfd73c5397c2d8189c6bd7ca09687f8bce"
          },
          "sensitive_attributes": [],
          "private": "bnVsbA==",
          "dependencies": [
            "module.repositories.github_repository.this"
          ]
        },
        {
          "index_key": "0002-storage-tf",
          "schema_version": 0,
          "attributes": {
            "autocreate_branch": null,
            "autocreate_branch_source_branch": null,
            "autocreate_branch_source_sha": null,
            "branch": "main",
            "commit_author": null,
            "commit_email": null,
            "commit_message": "Add .github/workflows/notify.yaml",
            "commit_sha": "76c07b0a198d50c34c0b11246d13c60dd590de2e",
            "content": "name: Trigger Slack Notification\nrun-name: Trigger Slack Notification run by ${{ github.actor }} on ${{ github.ref_name }}\n\non:\n  pull_request:\n    types: [opened]\n  issues:\n    types: [opened]\n\njobs:\n  notify:\n    uses: subhamay-bhattacharyya-gha/slack-notification-wf/.github/workflows/slack-notify.yaml@main\n    secrets:\n      slack-webhook: ${{ secrets.SLACK_WEBHOOK_URL }}",
            "file": ".github/workflows/notify.yaml",
            "id": "0002-storage-tf/.github/workflows/notify.yaml",
            "overwrite_on_create": true,
            "ref": "main",
            "repository": "0002-storage-tf",
            "sha": "533965bfd73c5397c2d8189c6bd7ca09687f8bce"
          },
          "sensitive_attributes": [],
          "private": "bnVsbA==",
          "dependencies": [
            "module.repositories.github_repository.this"
          ]
        }
      ]
    }
  ],
  "check_results": [
    {
      "object_kind": "var",
      "config_addr": "module.repositories.var.env",
      "status": "unknown",
      "objects": [
        {
          "object_addr": "module.repositories.var.env",
          "status": "unknown"
        }
      ]
    },
    {
      "object_kind": "var",
      "config_addr": "module.repositories.var.repos",
      "status": "pass",
      "objects": [
        {
          "object_addr": "module.repositories.var.repos",
          "status": "pass"
        }
      ]
    }
  ]
}
